// !$*UTF8*$!
{
	archiveVersion = 1;
	classes = {
	};
	objectVersion = 56;
	objects = {

/* Begin PBXBuildFile section */
		FC02E6792A54AC7B0012A1B1 /* BaseTableViewController.swift in Sources */ = {isa = PBXBuildFile; fileRef = FC02E6782A54AC7B0012A1B1 /* BaseTableViewController.swift */; };
		FC02E67B2A54BE0F0012A1B1 /* BaseStackView.swift in Sources */ = {isa = PBXBuildFile; fileRef = FC02E67A2A54BE0F0012A1B1 /* BaseStackView.swift */; };
		FC0B0FD52A1150A000C76B7B /* MatchupSideStackView.swift in Sources */ = {isa = PBXBuildFile; fileRef = FC0B0FD42A1150A000C76B7B /* MatchupSideStackView.swift */; };
		FC0BB10329DBD08300C07140 /* SettingOptionViewController.swift in Sources */ = {isa = PBXBuildFile; fileRef = FC0BB10229DBD08300C07140 /* SettingOptionViewController.swift */; };
		FC0C64F129DE67AC006F7C8D /* SettingSelectionCell.swift in Sources */ = {isa = PBXBuildFile; fileRef = FC0C64F029DE67AC006F7C8D /* SettingSelectionCell.swift */; };
		FC0DB1F429A6FF8E009E9668 /* LeadersResponse.swift in Sources */ = {isa = PBXBuildFile; fileRef = FC0DB1F329A6FF8E009E9668 /* LeadersResponse.swift */; };
		FC0DB1F729A70932009E9668 /* Club.swift in Sources */ = {isa = PBXBuildFile; fileRef = FC0DB1F629A70932009E9668 /* Club.swift */; };
		FC0DB1F929A71490009E9668 /* HTTPClient.swift in Sources */ = {isa = PBXBuildFile; fileRef = FC0DB1F829A71490009E9668 /* HTTPClient.swift */; };
		FC0DB1FC29A72393009E9668 /* LeaguesEndpoint.swift in Sources */ = {isa = PBXBuildFile; fileRef = FC0DB1FB29A72393009E9668 /* LeaguesEndpoint.swift */; };
		FC0DB1FF29A723CB009E9668 /* LeaguesService.swift in Sources */ = {isa = PBXBuildFile; fileRef = FC0DB1FE29A723CB009E9668 /* LeaguesService.swift */; };
		FC1A061C29D3D80F00A735E4 /* SettingsViewController.swift in Sources */ = {isa = PBXBuildFile; fileRef = FC1A061B29D3D80F00A735E4 /* SettingsViewController.swift */; };
		FC1A061F29D3E26E00A735E4 /* SettingOptionCell.swift in Sources */ = {isa = PBXBuildFile; fileRef = FC1A061E29D3E26E00A735E4 /* SettingOptionCell.swift */; };
		FC1A062129D5340700A735E4 /* SettingGroupHeader.swift in Sources */ = {isa = PBXBuildFile; fileRef = FC1A062029D5340700A735E4 /* SettingGroupHeader.swift */; };
		FC1AC90929A958AA00693DB3 /* StandingsService.swift in Sources */ = {isa = PBXBuildFile; fileRef = FC1AC90829A958AA00693DB3 /* StandingsService.swift */; };
		FC1AC90B29A9A1C700693DB3 /* FixturesService.swift in Sources */ = {isa = PBXBuildFile; fileRef = FC1AC90A29A9A1C700693DB3 /* FixturesService.swift */; };
		FC1AC90D29A9B2B500693DB3 /* LeadersService.swift in Sources */ = {isa = PBXBuildFile; fileRef = FC1AC90C29A9B2B500693DB3 /* LeadersService.swift */; };
		FC2B81262A25040300600BDD /* LeaderFilterType.swift in Sources */ = {isa = PBXBuildFile; fileRef = FC2B81252A25040300600BDD /* LeaderFilterType.swift */; };
		FC2B81292A2506E600600BDD /* LeadersTableHeader.swift in Sources */ = {isa = PBXBuildFile; fileRef = FC2B81282A2506E600600BDD /* LeadersTableHeader.swift */; };
		FC2B812B2A25075200600BDD /* LeadersTableCell.swift in Sources */ = {isa = PBXBuildFile; fileRef = FC2B812A2A25075200600BDD /* LeadersTableCell.swift */; };
		FC2C88872A283A1B00164637 /* PlayerPositionStackView.swift in Sources */ = {isa = PBXBuildFile; fileRef = FC2C88862A283A1B00164637 /* PlayerPositionStackView.swift */; };
		FC2C88892A2992DA00164637 /* PlayerImageView.swift in Sources */ = {isa = PBXBuildFile; fileRef = FC2C88882A2992DA00164637 /* PlayerImageView.swift */; };
		FC36D4B629C66BB5008E1507 /* BaseViewContoller.swift in Sources */ = {isa = PBXBuildFile; fileRef = FC36D4B529C66BB5008E1507 /* BaseViewContoller.swift */; };
		FC36D4BB29C6828F008E1507 /* BaseNavigationController.swift in Sources */ = {isa = PBXBuildFile; fileRef = FC36D4BA29C6828F008E1507 /* BaseNavigationController.swift */; };
		FC391B652A14715300851462 /* FixtureStatusType.swift in Sources */ = {isa = PBXBuildFile; fileRef = FC391B642A14715300851462 /* FixtureStatusType.swift */; };
		FC391B692A14833800851462 /* InPlayStatusView.swift in Sources */ = {isa = PBXBuildFile; fileRef = FC391B682A14833800851462 /* InPlayStatusView.swift */; };
		FC391B6B2A15B4DB00851462 /* FinishedStatusView.swift in Sources */ = {isa = PBXBuildFile; fileRef = FC391B6A2A15B4DB00851462 /* FinishedStatusView.swift */; };
		FC391B6D2A15B4F400851462 /* UpcomingStatusView.swift in Sources */ = {isa = PBXBuildFile; fileRef = FC391B6C2A15B4F400851462 /* UpcomingStatusView.swift */; };
		FC391B712A15CFC200851462 /* FixtureStatusView.swift in Sources */ = {isa = PBXBuildFile; fileRef = FC391B702A15CFC200851462 /* FixtureStatusView.swift */; };
		FC39ED3B29C79574001722FC /* LeagueSelectViewController.swift in Sources */ = {isa = PBXBuildFile; fileRef = FC39ED3A29C79574001722FC /* LeagueSelectViewController.swift */; };
		FC3F69012A2BE5D500F9BD86 /* PlayerStatView.swift in Sources */ = {isa = PBXBuildFile; fileRef = FC3F69002A2BE5D500F9BD86 /* PlayerStatView.swift */; };
		FC42462729F725980056A3F6 /* ClubPositionStackView.swift in Sources */ = {isa = PBXBuildFile; fileRef = FC42462629F725980056A3F6 /* ClubPositionStackView.swift */; };
		FC43F0412A239D0F00701B6E /* AppConstants.swift in Sources */ = {isa = PBXBuildFile; fileRef = FC43F0402A239D0F00701B6E /* AppConstants.swift */; };
		FC43F04A2A239E4500701B6E /* ComponentConstants.swift in Sources */ = {isa = PBXBuildFile; fileRef = FC43F0492A239E4500701B6E /* ComponentConstants.swift */; };
		FC4817CF2A049BD2003E9FFD /* LeagueHeaderDetails.swift in Sources */ = {isa = PBXBuildFile; fileRef = FC4817CE2A049BD2003E9FFD /* LeagueHeaderDetails.swift */; };
		FC4D8EC929CF8F59002E0CE3 /* LeagueSelectCell.swift in Sources */ = {isa = PBXBuildFile; fileRef = FC4D8EC829CF8F59002E0CE3 /* LeagueSelectCell.swift */; };
		FC4E599B2A1C491B0031C2F6 /* FixtureFilterType.swift in Sources */ = {isa = PBXBuildFile; fileRef = FC4E599A2A1C491B0031C2F6 /* FixtureFilterType.swift */; };
		FC4FD2402A07F26100BDE0E5 /* LeagueSelection.swift in Sources */ = {isa = PBXBuildFile; fileRef = FC4FD23F2A07F26100BDE0E5 /* LeagueSelection.swift */; };
		FC54563C2A34CA5800093AD1 /* BaseTableHeader.swift in Sources */ = {isa = PBXBuildFile; fileRef = FC54563B2A34CA5800093AD1 /* BaseTableHeader.swift */; };
		FC5845F5296676840032B543 /* AppDelegate.swift in Sources */ = {isa = PBXBuildFile; fileRef = FC5845F4296676840032B543 /* AppDelegate.swift */; };
		FC5845F7296676840032B543 /* SceneDelegate.swift in Sources */ = {isa = PBXBuildFile; fileRef = FC5845F6296676840032B543 /* SceneDelegate.swift */; };
		FC584601296676850032B543 /* Assets.xcassets in Resources */ = {isa = PBXBuildFile; fileRef = FC584600296676850032B543 /* Assets.xcassets */; };
		FC58460E29668C180032B543 /* Endpoint.swift in Sources */ = {isa = PBXBuildFile; fileRef = FC58460D29668C180032B543 /* Endpoint.swift */; };
		FC58461029668E720032B543 /* RequestMethod.swift in Sources */ = {isa = PBXBuildFile; fileRef = FC58460F29668E720032B543 /* RequestMethod.swift */; };
		FC584612296692190032B543 /* RequestError.swift in Sources */ = {isa = PBXBuildFile; fileRef = FC584611296692190032B543 /* RequestError.swift */; };
		FC5846152966948A0032B543 /* Leagues.swift in Sources */ = {isa = PBXBuildFile; fileRef = FC5846142966948A0032B543 /* Leagues.swift */; };
		FC58461C2967C6F60032B543 /* ApiError.swift in Sources */ = {isa = PBXBuildFile; fileRef = FC58461B2967C6F60032B543 /* ApiError.swift */; };
		FC58461F2967C7CD0032B543 /* ApiPaging.swift in Sources */ = {isa = PBXBuildFile; fileRef = FC58461E2967C7CD0032B543 /* ApiPaging.swift */; };
		FC5846212967C8F00032B543 /* StandingsResponse.swift in Sources */ = {isa = PBXBuildFile; fileRef = FC5846202967C8F00032B543 /* StandingsResponse.swift */; };
		FC5846232967D3BD0032B543 /* FixturesResponse.swift in Sources */ = {isa = PBXBuildFile; fileRef = FC5846222967D3BD0032B543 /* FixturesResponse.swift */; };
		FC5B909D2A32CFB900045A5F /* MatchdayView.swift in Sources */ = {isa = PBXBuildFile; fileRef = FC5B909C2A32CFB900045A5F /* MatchdayView.swift */; };
		FC5C05042A68C91F006FFB3F /* BaseTitleView.swift in Sources */ = {isa = PBXBuildFile; fileRef = FC5C05032A68C91F006FFB3F /* BaseTitleView.swift */; };
		FC5C05072A6C2690006FFB3F /* Modak-Regular.ttf in Resources */ = {isa = PBXBuildFile; fileRef = FC5C05062A6C2690006FFB3F /* Modak-Regular.ttf */; };
		FC5C05102A6D71C7006FFB3F /* LaunchScreen.xib in Resources */ = {isa = PBXBuildFile; fileRef = FC5C050F2A6D71C7006FFB3F /* LaunchScreen.xib */; };
		FC5E906129E4EDFB007047F8 /* StandingsTableHeader.swift in Sources */ = {isa = PBXBuildFile; fileRef = FC5E906029E4EDFB007047F8 /* StandingsTableHeader.swift */; };
		FC5E906629E658AE007047F8 /* LeagueHeaderView.swift in Sources */ = {isa = PBXBuildFile; fileRef = FC5E906529E658AE007047F8 /* LeagueHeaderView.swift */; };
		FC5E906929E8EFCC007047F8 /* LeagueDisplayStackView.swift in Sources */ = {isa = PBXBuildFile; fileRef = FC5E906829E8EFCC007047F8 /* LeagueDisplayStackView.swift */; };
		FC5E906B29E8FC8C007047F8 /* LeagueDataFilterDropdown.swift in Sources */ = {isa = PBXBuildFile; fileRef = FC5E906A29E8FC8C007047F8 /* LeagueDataFilterDropdown.swift */; };
		FC6903E029EC7B2C008EEB82 /* LeagueDataFilterViewController.swift in Sources */ = {isa = PBXBuildFile; fileRef = FC6903DF29EC7B2C008EEB82 /* LeagueDataFilterViewController.swift */; };
		FC6DEDBA2A30240C003F4B7E /* Inter-VariableFont_slnt,wght.ttf in Resources */ = {isa = PBXBuildFile; fileRef = FC6DEDB92A30240C003F4B7E /* Inter-VariableFont_slnt,wght.ttf */; };
		FC7AECF62A62EC1F00C5D854 /* LoadingView.swift in Sources */ = {isa = PBXBuildFile; fileRef = FC7AECF52A62EC1F00C5D854 /* LoadingView.swift */; };
		FC7AECF92A62EECA00C5D854 /* LoadingWheel.swift in Sources */ = {isa = PBXBuildFile; fileRef = FC7AECF82A62EECA00C5D854 /* LoadingWheel.swift */; };
		FC7D0C4729B2E35F00BC9B46 /* CoreDataContext.swift in Sources */ = {isa = PBXBuildFile; fileRef = FC7D0C4629B2E35F00BC9B46 /* CoreDataContext.swift */; };
		FC7D16E929BE47A9009B408B /* StandingsViewController.swift in Sources */ = {isa = PBXBuildFile; fileRef = FC7D16E829BE47A9009B408B /* StandingsViewController.swift */; };
		FC7D16EB29BE48B1009B408B /* LeadersViewController.swift in Sources */ = {isa = PBXBuildFile; fileRef = FC7D16EA29BE48B1009B408B /* LeadersViewController.swift */; };
		FC7D16ED29BE48CD009B408B /* FixturesViewController.swift in Sources */ = {isa = PBXBuildFile; fileRef = FC7D16EC29BE48CD009B408B /* FixturesViewController.swift */; };
		FC7E07412A102CFD00BED0B2 /* FixtureMatchupView.swift in Sources */ = {isa = PBXBuildFile; fileRef = FC7E07402A102CFD00BED0B2 /* FixtureMatchupView.swift */; };
		FC841E9B2A41EB35008D819D /* BaseTableCell.swift in Sources */ = {isa = PBXBuildFile; fileRef = FC841E9A2A41EB35008D819D /* BaseTableCell.swift */; };
		FC841E9D2A424B25008D819D /* LeagueDataFilterTableHeader.swift in Sources */ = {isa = PBXBuildFile; fileRef = FC841E9C2A424B25008D819D /* LeagueDataFilterTableHeader.swift */; };
		FC841E9F2A435411008D819D /* LeagueDataFilterNavigationController.swift in Sources */ = {isa = PBXBuildFile; fileRef = FC841E9E2A435411008D819D /* LeagueDataFilterNavigationController.swift */; };
		FC841EA22A43970F008D819D /* InPlayIndicator.swift in Sources */ = {isa = PBXBuildFile; fileRef = FC841EA12A43970F008D819D /* InPlayIndicator.swift */; };
		FC841EA52A450ECD008D819D /* Standing.swift in Sources */ = {isa = PBXBuildFile; fileRef = FC841EA42A450ECD008D819D /* Standing.swift */; };
		FC9243A22A2257780084AB4D /* JSONLoader.swift in Sources */ = {isa = PBXBuildFile; fileRef = FC9243A12A2257780084AB4D /* JSONLoader.swift */; };
		FC9243A52A225AAE0084AB4D /* league-39.json in Resources */ = {isa = PBXBuildFile; fileRef = FC9243A42A225AAE0084AB4D /* league-39.json */; };
		FC9243A72A225D1C0084AB4D /* league-61.json in Resources */ = {isa = PBXBuildFile; fileRef = FC9243A62A225D1B0084AB4D /* league-61.json */; };
		FC9243A92A225D840084AB4D /* standings-39-2022.json in Resources */ = {isa = PBXBuildFile; fileRef = FC9243A82A225D840084AB4D /* standings-39-2022.json */; };
		FC9243AB2A225E390084AB4D /* standings-61-2022.json in Resources */ = {isa = PBXBuildFile; fileRef = FC9243AA2A225E390084AB4D /* standings-61-2022.json */; };
		FC9243AD2A225E9D0084AB4D /* fixtures-today-39.json in Resources */ = {isa = PBXBuildFile; fileRef = FC9243AC2A225E9D0084AB4D /* fixtures-today-39.json */; };
		FC9243AF2A225EF50084AB4D /* fixtures-inPlay-39.json in Resources */ = {isa = PBXBuildFile; fileRef = FC9243AE2A225EF50084AB4D /* fixtures-inPlay-39.json */; };
		FC9243B12A225F930084AB4D /* fixtures-upcoming-39.json in Resources */ = {isa = PBXBuildFile; fileRef = FC9243B02A225F930084AB4D /* fixtures-upcoming-39.json */; };
		FC9243B32A2262700084AB4D /* fixtures-past-39.json in Resources */ = {isa = PBXBuildFile; fileRef = FC9243B22A2262700084AB4D /* fixtures-past-39.json */; };
		FC9243B52A2263240084AB4D /* fixtures-today-61.json in Resources */ = {isa = PBXBuildFile; fileRef = FC9243B42A2263240084AB4D /* fixtures-today-61.json */; };
		FC9243B72A2263920084AB4D /* fixtures-inPlay-61.json in Resources */ = {isa = PBXBuildFile; fileRef = FC9243B62A2263920084AB4D /* fixtures-inPlay-61.json */; };
		FC9243B92A2266860084AB4D /* fixtures-upcoming-61.json in Resources */ = {isa = PBXBuildFile; fileRef = FC9243B82A2266860084AB4D /* fixtures-upcoming-61.json */; };
		FC9243BB2A22670A0084AB4D /* fixtures-past-61.json in Resources */ = {isa = PBXBuildFile; fileRef = FC9243BA2A22670A0084AB4D /* fixtures-past-61.json */; };
		FC9243BD2A22690D0084AB4D /* leaders-goals-39.json in Resources */ = {isa = PBXBuildFile; fileRef = FC9243BC2A22690D0084AB4D /* leaders-goals-39.json */; };
		FC9243BF2A2269300084AB4D /* leaders-assists-39.json in Resources */ = {isa = PBXBuildFile; fileRef = FC9243BE2A2269300084AB4D /* leaders-assists-39.json */; };
		FC9243C12A2269910084AB4D /* leaders-yellowCards-39.json in Resources */ = {isa = PBXBuildFile; fileRef = FC9243C02A2269910084AB4D /* leaders-yellowCards-39.json */; };
		FC9243C32A2269A90084AB4D /* leaders-redCards-39.json in Resources */ = {isa = PBXBuildFile; fileRef = FC9243C22A2269A90084AB4D /* leaders-redCards-39.json */; };
		FC9243C52A229F850084AB4D /* standings-61-2015.json in Resources */ = {isa = PBXBuildFile; fileRef = FC9243C42A229F850084AB4D /* standings-61-2015.json */; };
		FC9243C72A229FC50084AB4D /* standings-39-2021.json in Resources */ = {isa = PBXBuildFile; fileRef = FC9243C62A229FC50084AB4D /* standings-39-2021.json */; };
		FC97F82E29FB4FCA00755CFA /* StandingStatTitleCell.swift in Sources */ = {isa = PBXBuildFile; fileRef = FC97F82D29FB4FCA00755CFA /* StandingStatTitleCell.swift */; };
		FC97F83029FB64DB00755CFA /* StandingStatCollectionCell.swift in Sources */ = {isa = PBXBuildFile; fileRef = FC97F82F29FB64DB00755CFA /* StandingStatCollectionCell.swift */; };
		FC9E569A2A3CFB08000AFDA3 /* LeagueSelectHeader.swift in Sources */ = {isa = PBXBuildFile; fileRef = FC9E56992A3CFB08000AFDA3 /* LeagueSelectHeader.swift */; };
		FCA3D13529B6DC4C0038D8A2 /* Date.swift in Sources */ = {isa = PBXBuildFile; fileRef = FCA3D13429B6DC4C0038D8A2 /* Date.swift */; };
		FCB507A329D091E4001CB2C2 /* UIImageView.swift in Sources */ = {isa = PBXBuildFile; fileRef = FCB507A229D091E4001CB2C2 /* UIImageView.swift */; };
		FCB5A44329E37B43009FC8D9 /* StandingsTableCell.swift in Sources */ = {isa = PBXBuildFile; fileRef = FCB5A44229E37B43009FC8D9 /* StandingsTableCell.swift */; };
		FCC31C7329CAAAE30036CF9B /* UIView.swift in Sources */ = {isa = PBXBuildFile; fileRef = FCC31C7229CAAAE30036CF9B /* UIView.swift */; };
		FCC4D1C829BD4ECD00750657 /* HomeTabBarController.swift in Sources */ = {isa = PBXBuildFile; fileRef = FCC4D1C729BD4ECD00750657 /* HomeTabBarController.swift */; };
		FCD5B23B29A85E3B00CAD524 /* FixturesEndpoint.swift in Sources */ = {isa = PBXBuildFile; fileRef = FCD5B23A29A85E3B00CAD524 /* FixturesEndpoint.swift */; };
		FCD5B23D29A8638B00CAD524 /* LeadersEndpoint.swift in Sources */ = {isa = PBXBuildFile; fileRef = FCD5B23C29A8638B00CAD524 /* LeadersEndpoint.swift */; };
		FCD7862B2A394F74004C4EA1 /* SettingGroup.swift in Sources */ = {isa = PBXBuildFile; fileRef = FCD7862A2A394F73004C4EA1 /* SettingGroup.swift */; };
		FCDC12CD2A51CCBA009031F2 /* RefreshView.swift in Sources */ = {isa = PBXBuildFile; fileRef = FCDC12CC2A51CCBA009031F2 /* RefreshView.swift */; };
		FCDF1F7029B3F80F00A6522F /* Footi.xcdatamodeld in Sources */ = {isa = PBXBuildFile; fileRef = FCDF1F6E29B3F80F00A6522F /* Footi.xcdatamodeld */; };
		FCE0765E2A09DC1000B8DFD3 /* LeagueDataFilter.swift in Sources */ = {isa = PBXBuildFile; fileRef = FCE0765D2A09DC1000B8DFD3 /* LeagueDataFilter.swift */; };
		FCE076632A09E0F200B8DFD3 /* FixturesTableHeader.swift in Sources */ = {isa = PBXBuildFile; fileRef = FCE076622A09E0F200B8DFD3 /* FixturesTableHeader.swift */; };
		FCE076652A09E41300B8DFD3 /* FixturesTableCell.swift in Sources */ = {isa = PBXBuildFile; fileRef = FCE076642A09E41300B8DFD3 /* FixturesTableCell.swift */; };
		FCEA7C1629B05E29008DA3A7 /* UserDefaultsContext.swift in Sources */ = {isa = PBXBuildFile; fileRef = FCEA7C1529B05E29008DA3A7 /* UserDefaultsContext.swift */; };
		FCEF04932A23A64B00B46435 /* FontConstants.swift in Sources */ = {isa = PBXBuildFile; fileRef = FCEF04922A23A64B00B46435 /* FontConstants.swift */; };
		FCF2147B29C157A30031E0D6 /* MenuViewController.swift in Sources */ = {isa = PBXBuildFile; fileRef = FCF2147A29C157A30031E0D6 /* MenuViewController.swift */; };
		FCF62FD92A59B1E0007E1FFD /* StandingsTableViewController.swift in Sources */ = {isa = PBXBuildFile; fileRef = FCF62FD82A59B1E0007E1FFD /* StandingsTableViewController.swift */; };
		FCF62FDB2A59E8CF007E1FFD /* FixturesTableViewController.swift in Sources */ = {isa = PBXBuildFile; fileRef = FCF62FDA2A59E8CF007E1FFD /* FixturesTableViewController.swift */; };
		FCF62FDD2A5A009F007E1FFD /* LeadersTableViewController.swift in Sources */ = {isa = PBXBuildFile; fileRef = FCF62FDC2A5A009F007E1FFD /* LeadersTableViewController.swift */; };
		FCF62FDF2A5A0B44007E1FFD /* Leader.swift in Sources */ = {isa = PBXBuildFile; fileRef = FCF62FDE2A5A0B44007E1FFD /* Leader.swift */; };
		FCF96E1329D68A0800FA82EF /* UIColor.swift in Sources */ = {isa = PBXBuildFile; fileRef = FCF96E1229D68A0800FA82EF /* UIColor.swift */; };
		FCF99AC229EE2F2300BB8E5A /* LeagueDataFilterTableCell.swift in Sources */ = {isa = PBXBuildFile; fileRef = FCF99AC129EE2F2300BB8E5A /* LeagueDataFilterTableCell.swift */; };
		FCFBBC5829A7C96700A0D2FB /* StandingsEndpoint.swift in Sources */ = {isa = PBXBuildFile; fileRef = FCFBBC5729A7C96700A0D2FB /* StandingsEndpoint.swift */; };
		FCFCCF512A4E82AF00F58006 /* Fixture.swift in Sources */ = {isa = PBXBuildFile; fileRef = FCFCCF502A4E82AF00F58006 /* Fixture.swift */; };
/* End PBXBuildFile section */

/* Begin PBXFileReference section */
		FC02E6782A54AC7B0012A1B1 /* BaseTableViewController.swift */ = {isa = PBXFileReference; lastKnownFileType = sourcecode.swift; path = BaseTableViewController.swift; sourceTree = "<group>"; };
		FC02E67A2A54BE0F0012A1B1 /* BaseStackView.swift */ = {isa = PBXFileReference; lastKnownFileType = sourcecode.swift; path = BaseStackView.swift; sourceTree = "<group>"; };
		FC0B0FD42A1150A000C76B7B /* MatchupSideStackView.swift */ = {isa = PBXFileReference; lastKnownFileType = sourcecode.swift; path = MatchupSideStackView.swift; sourceTree = "<group>"; };
		FC0BB10229DBD08300C07140 /* SettingOptionViewController.swift */ = {isa = PBXFileReference; lastKnownFileType = sourcecode.swift; path = SettingOptionViewController.swift; sourceTree = "<group>"; };
		FC0C64F029DE67AC006F7C8D /* SettingSelectionCell.swift */ = {isa = PBXFileReference; lastKnownFileType = sourcecode.swift; path = SettingSelectionCell.swift; sourceTree = "<group>"; };
		FC0DB1F329A6FF8E009E9668 /* LeadersResponse.swift */ = {isa = PBXFileReference; lastKnownFileType = sourcecode.swift; path = LeadersResponse.swift; sourceTree = "<group>"; };
		FC0DB1F629A70932009E9668 /* Club.swift */ = {isa = PBXFileReference; lastKnownFileType = sourcecode.swift; path = Club.swift; sourceTree = "<group>"; };
		FC0DB1F829A71490009E9668 /* HTTPClient.swift */ = {isa = PBXFileReference; lastKnownFileType = sourcecode.swift; path = HTTPClient.swift; sourceTree = "<group>"; };
		FC0DB1FB29A72393009E9668 /* LeaguesEndpoint.swift */ = {isa = PBXFileReference; lastKnownFileType = sourcecode.swift; path = LeaguesEndpoint.swift; sourceTree = "<group>"; };
		FC0DB1FE29A723CB009E9668 /* LeaguesService.swift */ = {isa = PBXFileReference; lastKnownFileType = sourcecode.swift; path = LeaguesService.swift; sourceTree = "<group>"; };
		FC1A061B29D3D80F00A735E4 /* SettingsViewController.swift */ = {isa = PBXFileReference; lastKnownFileType = sourcecode.swift; path = SettingsViewController.swift; sourceTree = "<group>"; };
		FC1A061E29D3E26E00A735E4 /* SettingOptionCell.swift */ = {isa = PBXFileReference; lastKnownFileType = sourcecode.swift; path = SettingOptionCell.swift; sourceTree = "<group>"; };
		FC1A062029D5340700A735E4 /* SettingGroupHeader.swift */ = {isa = PBXFileReference; lastKnownFileType = sourcecode.swift; path = SettingGroupHeader.swift; sourceTree = "<group>"; };
		FC1AC90829A958AA00693DB3 /* StandingsService.swift */ = {isa = PBXFileReference; lastKnownFileType = sourcecode.swift; path = StandingsService.swift; sourceTree = "<group>"; };
		FC1AC90A29A9A1C700693DB3 /* FixturesService.swift */ = {isa = PBXFileReference; lastKnownFileType = sourcecode.swift; path = FixturesService.swift; sourceTree = "<group>"; };
		FC1AC90C29A9B2B500693DB3 /* LeadersService.swift */ = {isa = PBXFileReference; lastKnownFileType = sourcecode.swift; path = LeadersService.swift; sourceTree = "<group>"; };
		FC2B81252A25040300600BDD /* LeaderFilterType.swift */ = {isa = PBXFileReference; lastKnownFileType = sourcecode.swift; path = LeaderFilterType.swift; sourceTree = "<group>"; };
		FC2B81282A2506E600600BDD /* LeadersTableHeader.swift */ = {isa = PBXFileReference; lastKnownFileType = sourcecode.swift; path = LeadersTableHeader.swift; sourceTree = "<group>"; };
		FC2B812A2A25075200600BDD /* LeadersTableCell.swift */ = {isa = PBXFileReference; lastKnownFileType = sourcecode.swift; path = LeadersTableCell.swift; sourceTree = "<group>"; };
		FC2C88862A283A1B00164637 /* PlayerPositionStackView.swift */ = {isa = PBXFileReference; lastKnownFileType = sourcecode.swift; path = PlayerPositionStackView.swift; sourceTree = "<group>"; };
		FC2C88882A2992DA00164637 /* PlayerImageView.swift */ = {isa = PBXFileReference; lastKnownFileType = sourcecode.swift; path = PlayerImageView.swift; sourceTree = "<group>"; };
		FC36D4B529C66BB5008E1507 /* BaseViewContoller.swift */ = {isa = PBXFileReference; lastKnownFileType = sourcecode.swift; path = BaseViewContoller.swift; sourceTree = "<group>"; };
		FC36D4BA29C6828F008E1507 /* BaseNavigationController.swift */ = {isa = PBXFileReference; lastKnownFileType = sourcecode.swift; path = BaseNavigationController.swift; sourceTree = "<group>"; };
		FC391B642A14715300851462 /* FixtureStatusType.swift */ = {isa = PBXFileReference; lastKnownFileType = sourcecode.swift; path = FixtureStatusType.swift; sourceTree = "<group>"; };
		FC391B682A14833800851462 /* InPlayStatusView.swift */ = {isa = PBXFileReference; lastKnownFileType = sourcecode.swift; path = InPlayStatusView.swift; sourceTree = "<group>"; };
		FC391B6A2A15B4DB00851462 /* FinishedStatusView.swift */ = {isa = PBXFileReference; lastKnownFileType = sourcecode.swift; path = FinishedStatusView.swift; sourceTree = "<group>"; };
		FC391B6C2A15B4F400851462 /* UpcomingStatusView.swift */ = {isa = PBXFileReference; lastKnownFileType = sourcecode.swift; path = UpcomingStatusView.swift; sourceTree = "<group>"; };
		FC391B702A15CFC200851462 /* FixtureStatusView.swift */ = {isa = PBXFileReference; lastKnownFileType = sourcecode.swift; path = FixtureStatusView.swift; sourceTree = "<group>"; };
		FC39ED3A29C79574001722FC /* LeagueSelectViewController.swift */ = {isa = PBXFileReference; lastKnownFileType = sourcecode.swift; path = LeagueSelectViewController.swift; sourceTree = "<group>"; };
		FC3F69002A2BE5D500F9BD86 /* PlayerStatView.swift */ = {isa = PBXFileReference; lastKnownFileType = sourcecode.swift; path = PlayerStatView.swift; sourceTree = "<group>"; };
		FC42462629F725980056A3F6 /* ClubPositionStackView.swift */ = {isa = PBXFileReference; lastKnownFileType = sourcecode.swift; path = ClubPositionStackView.swift; sourceTree = "<group>"; };
		FC43F0402A239D0F00701B6E /* AppConstants.swift */ = {isa = PBXFileReference; lastKnownFileType = sourcecode.swift; path = AppConstants.swift; sourceTree = "<group>"; };
		FC43F0492A239E4500701B6E /* ComponentConstants.swift */ = {isa = PBXFileReference; lastKnownFileType = sourcecode.swift; path = ComponentConstants.swift; sourceTree = "<group>"; };
		FC4817CE2A049BD2003E9FFD /* LeagueHeaderDetails.swift */ = {isa = PBXFileReference; lastKnownFileType = sourcecode.swift; path = LeagueHeaderDetails.swift; sourceTree = "<group>"; };
		FC4D8EC829CF8F59002E0CE3 /* LeagueSelectCell.swift */ = {isa = PBXFileReference; lastKnownFileType = sourcecode.swift; path = LeagueSelectCell.swift; sourceTree = "<group>"; };
		FC4E599A2A1C491B0031C2F6 /* FixtureFilterType.swift */ = {isa = PBXFileReference; lastKnownFileType = sourcecode.swift; path = FixtureFilterType.swift; sourceTree = "<group>"; };
		FC4FD23F2A07F26100BDE0E5 /* LeagueSelection.swift */ = {isa = PBXFileReference; lastKnownFileType = sourcecode.swift; path = LeagueSelection.swift; sourceTree = "<group>"; };
		FC54563B2A34CA5800093AD1 /* BaseTableHeader.swift */ = {isa = PBXFileReference; lastKnownFileType = sourcecode.swift; path = BaseTableHeader.swift; sourceTree = "<group>"; };
		FC5845F1296676840032B543 /* Footi.app */ = {isa = PBXFileReference; explicitFileType = wrapper.application; includeInIndex = 0; path = Footi.app; sourceTree = BUILT_PRODUCTS_DIR; };
		FC5845F4296676840032B543 /* AppDelegate.swift */ = {isa = PBXFileReference; lastKnownFileType = sourcecode.swift; path = AppDelegate.swift; sourceTree = "<group>"; };
		FC5845F6296676840032B543 /* SceneDelegate.swift */ = {isa = PBXFileReference; lastKnownFileType = sourcecode.swift; path = SceneDelegate.swift; sourceTree = "<group>"; };
		FC584600296676850032B543 /* Assets.xcassets */ = {isa = PBXFileReference; lastKnownFileType = folder.assetcatalog; path = Assets.xcassets; sourceTree = "<group>"; };
		FC584605296676850032B543 /* Info.plist */ = {isa = PBXFileReference; lastKnownFileType = text.plist.xml; path = Info.plist; sourceTree = "<group>"; };
		FC58460D29668C180032B543 /* Endpoint.swift */ = {isa = PBXFileReference; lastKnownFileType = sourcecode.swift; path = Endpoint.swift; sourceTree = "<group>"; };
		FC58460F29668E720032B543 /* RequestMethod.swift */ = {isa = PBXFileReference; lastKnownFileType = sourcecode.swift; path = RequestMethod.swift; sourceTree = "<group>"; };
		FC584611296692190032B543 /* RequestError.swift */ = {isa = PBXFileReference; lastKnownFileType = sourcecode.swift; path = RequestError.swift; sourceTree = "<group>"; };
		FC5846142966948A0032B543 /* Leagues.swift */ = {isa = PBXFileReference; lastKnownFileType = sourcecode.swift; path = Leagues.swift; sourceTree = "<group>"; };
		FC58461B2967C6F60032B543 /* ApiError.swift */ = {isa = PBXFileReference; lastKnownFileType = sourcecode.swift; path = ApiError.swift; sourceTree = "<group>"; };
		FC58461E2967C7CD0032B543 /* ApiPaging.swift */ = {isa = PBXFileReference; lastKnownFileType = sourcecode.swift; path = ApiPaging.swift; sourceTree = "<group>"; };
		FC5846202967C8F00032B543 /* StandingsResponse.swift */ = {isa = PBXFileReference; lastKnownFileType = sourcecode.swift; path = StandingsResponse.swift; sourceTree = "<group>"; };
		FC5846222967D3BD0032B543 /* FixturesResponse.swift */ = {isa = PBXFileReference; lastKnownFileType = sourcecode.swift; path = FixturesResponse.swift; sourceTree = "<group>"; };
		FC5B909C2A32CFB900045A5F /* MatchdayView.swift */ = {isa = PBXFileReference; lastKnownFileType = sourcecode.swift; path = MatchdayView.swift; sourceTree = "<group>"; };
		FC5C05032A68C91F006FFB3F /* BaseTitleView.swift */ = {isa = PBXFileReference; lastKnownFileType = sourcecode.swift; path = BaseTitleView.swift; sourceTree = "<group>"; };
		FC5C05062A6C2690006FFB3F /* Modak-Regular.ttf */ = {isa = PBXFileReference; lastKnownFileType = file; path = "Modak-Regular.ttf"; sourceTree = "<group>"; };
		FC5C050F2A6D71C7006FFB3F /* LaunchScreen.xib */ = {isa = PBXFileReference; lastKnownFileType = file.xib; path = LaunchScreen.xib; sourceTree = "<group>"; };
		FC5E906029E4EDFB007047F8 /* StandingsTableHeader.swift */ = {isa = PBXFileReference; lastKnownFileType = sourcecode.swift; path = StandingsTableHeader.swift; sourceTree = "<group>"; };
		FC5E906529E658AE007047F8 /* LeagueHeaderView.swift */ = {isa = PBXFileReference; lastKnownFileType = sourcecode.swift; path = LeagueHeaderView.swift; sourceTree = "<group>"; };
		FC5E906829E8EFCC007047F8 /* LeagueDisplayStackView.swift */ = {isa = PBXFileReference; lastKnownFileType = sourcecode.swift; path = LeagueDisplayStackView.swift; sourceTree = "<group>"; };
		FC5E906A29E8FC8C007047F8 /* LeagueDataFilterDropdown.swift */ = {isa = PBXFileReference; lastKnownFileType = sourcecode.swift; path = LeagueDataFilterDropdown.swift; sourceTree = "<group>"; };
		FC6903DF29EC7B2C008EEB82 /* LeagueDataFilterViewController.swift */ = {isa = PBXFileReference; lastKnownFileType = sourcecode.swift; path = LeagueDataFilterViewController.swift; sourceTree = "<group>"; };
		FC6DEDB92A30240C003F4B7E /* Inter-VariableFont_slnt,wght.ttf */ = {isa = PBXFileReference; lastKnownFileType = file; path = "Inter-VariableFont_slnt,wght.ttf"; sourceTree = "<group>"; };
		FC7AECF52A62EC1F00C5D854 /* LoadingView.swift */ = {isa = PBXFileReference; lastKnownFileType = sourcecode.swift; path = LoadingView.swift; sourceTree = "<group>"; };
		FC7AECF82A62EECA00C5D854 /* LoadingWheel.swift */ = {isa = PBXFileReference; lastKnownFileType = sourcecode.swift; path = LoadingWheel.swift; sourceTree = "<group>"; };
		FC7D0C4629B2E35F00BC9B46 /* CoreDataContext.swift */ = {isa = PBXFileReference; lastKnownFileType = sourcecode.swift; path = CoreDataContext.swift; sourceTree = "<group>"; };
		FC7D16E829BE47A9009B408B /* StandingsViewController.swift */ = {isa = PBXFileReference; lastKnownFileType = sourcecode.swift; path = StandingsViewController.swift; sourceTree = "<group>"; };
		FC7D16EA29BE48B1009B408B /* LeadersViewController.swift */ = {isa = PBXFileReference; lastKnownFileType = sourcecode.swift; path = LeadersViewController.swift; sourceTree = "<group>"; };
		FC7D16EC29BE48CD009B408B /* FixturesViewController.swift */ = {isa = PBXFileReference; lastKnownFileType = sourcecode.swift; path = FixturesViewController.swift; sourceTree = "<group>"; };
		FC7E07402A102CFD00BED0B2 /* FixtureMatchupView.swift */ = {isa = PBXFileReference; lastKnownFileType = sourcecode.swift; path = FixtureMatchupView.swift; sourceTree = "<group>"; };
		FC841E9A2A41EB35008D819D /* BaseTableCell.swift */ = {isa = PBXFileReference; lastKnownFileType = sourcecode.swift; path = BaseTableCell.swift; sourceTree = "<group>"; };
		FC841E9C2A424B25008D819D /* LeagueDataFilterTableHeader.swift */ = {isa = PBXFileReference; lastKnownFileType = sourcecode.swift; path = LeagueDataFilterTableHeader.swift; sourceTree = "<group>"; };
		FC841E9E2A435411008D819D /* LeagueDataFilterNavigationController.swift */ = {isa = PBXFileReference; lastKnownFileType = sourcecode.swift; path = LeagueDataFilterNavigationController.swift; sourceTree = "<group>"; };
		FC841EA12A43970F008D819D /* InPlayIndicator.swift */ = {isa = PBXFileReference; lastKnownFileType = sourcecode.swift; path = InPlayIndicator.swift; sourceTree = "<group>"; };
		FC841EA42A450ECD008D819D /* Standing.swift */ = {isa = PBXFileReference; lastKnownFileType = sourcecode.swift; path = Standing.swift; sourceTree = "<group>"; };
		FC9243A12A2257780084AB4D /* JSONLoader.swift */ = {isa = PBXFileReference; lastKnownFileType = sourcecode.swift; path = JSONLoader.swift; sourceTree = "<group>"; };
		FC9243A42A225AAE0084AB4D /* league-39.json */ = {isa = PBXFileReference; lastKnownFileType = text.json; path = "league-39.json"; sourceTree = "<group>"; };
		FC9243A62A225D1B0084AB4D /* league-61.json */ = {isa = PBXFileReference; lastKnownFileType = text.json; path = "league-61.json"; sourceTree = "<group>"; };
		FC9243A82A225D840084AB4D /* standings-39-2022.json */ = {isa = PBXFileReference; lastKnownFileType = text.json; path = "standings-39-2022.json"; sourceTree = "<group>"; };
		FC9243AA2A225E390084AB4D /* standings-61-2022.json */ = {isa = PBXFileReference; lastKnownFileType = text.json; path = "standings-61-2022.json"; sourceTree = "<group>"; };
		FC9243AC2A225E9D0084AB4D /* fixtures-today-39.json */ = {isa = PBXFileReference; lastKnownFileType = text.json; path = "fixtures-today-39.json"; sourceTree = "<group>"; };
		FC9243AE2A225EF50084AB4D /* fixtures-inPlay-39.json */ = {isa = PBXFileReference; lastKnownFileType = text.json; path = "fixtures-inPlay-39.json"; sourceTree = "<group>"; };
		FC9243B02A225F930084AB4D /* fixtures-upcoming-39.json */ = {isa = PBXFileReference; lastKnownFileType = text.json; path = "fixtures-upcoming-39.json"; sourceTree = "<group>"; };
		FC9243B22A2262700084AB4D /* fixtures-past-39.json */ = {isa = PBXFileReference; lastKnownFileType = text.json; path = "fixtures-past-39.json"; sourceTree = "<group>"; };
		FC9243B42A2263240084AB4D /* fixtures-today-61.json */ = {isa = PBXFileReference; lastKnownFileType = text.json; path = "fixtures-today-61.json"; sourceTree = "<group>"; };
		FC9243B62A2263920084AB4D /* fixtures-inPlay-61.json */ = {isa = PBXFileReference; lastKnownFileType = text.json; path = "fixtures-inPlay-61.json"; sourceTree = "<group>"; };
		FC9243B82A2266860084AB4D /* fixtures-upcoming-61.json */ = {isa = PBXFileReference; lastKnownFileType = text.json; path = "fixtures-upcoming-61.json"; sourceTree = "<group>"; };
		FC9243BA2A22670A0084AB4D /* fixtures-past-61.json */ = {isa = PBXFileReference; lastKnownFileType = text.json; path = "fixtures-past-61.json"; sourceTree = "<group>"; };
		FC9243BC2A22690D0084AB4D /* leaders-goals-39.json */ = {isa = PBXFileReference; lastKnownFileType = text.json; path = "leaders-goals-39.json"; sourceTree = "<group>"; };
		FC9243BE2A2269300084AB4D /* leaders-assists-39.json */ = {isa = PBXFileReference; lastKnownFileType = text.json; path = "leaders-assists-39.json"; sourceTree = "<group>"; };
		FC9243C02A2269910084AB4D /* leaders-yellowCards-39.json */ = {isa = PBXFileReference; lastKnownFileType = text.json; path = "leaders-yellowCards-39.json"; sourceTree = "<group>"; };
		FC9243C22A2269A90084AB4D /* leaders-redCards-39.json */ = {isa = PBXFileReference; lastKnownFileType = text.json; path = "leaders-redCards-39.json"; sourceTree = "<group>"; };
		FC9243C42A229F850084AB4D /* standings-61-2015.json */ = {isa = PBXFileReference; lastKnownFileType = text.json; path = "standings-61-2015.json"; sourceTree = "<group>"; };
		FC9243C62A229FC50084AB4D /* standings-39-2021.json */ = {isa = PBXFileReference; lastKnownFileType = text.json; path = "standings-39-2021.json"; sourceTree = "<group>"; };
		FC97F82D29FB4FCA00755CFA /* StandingStatTitleCell.swift */ = {isa = PBXFileReference; lastKnownFileType = sourcecode.swift; path = StandingStatTitleCell.swift; sourceTree = "<group>"; };
		FC97F82F29FB64DB00755CFA /* StandingStatCollectionCell.swift */ = {isa = PBXFileReference; lastKnownFileType = sourcecode.swift; path = StandingStatCollectionCell.swift; sourceTree = "<group>"; };
		FC9E56992A3CFB08000AFDA3 /* LeagueSelectHeader.swift */ = {isa = PBXFileReference; lastKnownFileType = sourcecode.swift; path = LeagueSelectHeader.swift; sourceTree = "<group>"; };
		FCA3D13429B6DC4C0038D8A2 /* Date.swift */ = {isa = PBXFileReference; lastKnownFileType = sourcecode.swift; path = Date.swift; sourceTree = "<group>"; };
		FCB507A229D091E4001CB2C2 /* UIImageView.swift */ = {isa = PBXFileReference; lastKnownFileType = sourcecode.swift; path = UIImageView.swift; sourceTree = "<group>"; };
		FCB5A44229E37B43009FC8D9 /* StandingsTableCell.swift */ = {isa = PBXFileReference; lastKnownFileType = sourcecode.swift; path = StandingsTableCell.swift; sourceTree = "<group>"; };
		FCC31C7229CAAAE30036CF9B /* UIView.swift */ = {isa = PBXFileReference; lastKnownFileType = sourcecode.swift; path = UIView.swift; sourceTree = "<group>"; };
		FCC4D1C729BD4ECD00750657 /* HomeTabBarController.swift */ = {isa = PBXFileReference; lastKnownFileType = sourcecode.swift; path = HomeTabBarController.swift; sourceTree = "<group>"; };
		FCD5B23A29A85E3B00CAD524 /* FixturesEndpoint.swift */ = {isa = PBXFileReference; lastKnownFileType = sourcecode.swift; path = FixturesEndpoint.swift; sourceTree = "<group>"; };
		FCD5B23C29A8638B00CAD524 /* LeadersEndpoint.swift */ = {isa = PBXFileReference; lastKnownFileType = sourcecode.swift; path = LeadersEndpoint.swift; sourceTree = "<group>"; };
		FCD7862A2A394F73004C4EA1 /* SettingGroup.swift */ = {isa = PBXFileReference; lastKnownFileType = sourcecode.swift; path = SettingGroup.swift; sourceTree = "<group>"; };
		FCDC12CC2A51CCBA009031F2 /* RefreshView.swift */ = {isa = PBXFileReference; lastKnownFileType = sourcecode.swift; path = RefreshView.swift; sourceTree = "<group>"; };
		FCDF1F6F29B3F80F00A6522F /* Footi.xcdatamodel */ = {isa = PBXFileReference; lastKnownFileType = wrapper.xcdatamodel; path = Footi.xcdatamodel; sourceTree = "<group>"; };
		FCE0765D2A09DC1000B8DFD3 /* LeagueDataFilter.swift */ = {isa = PBXFileReference; lastKnownFileType = sourcecode.swift; path = LeagueDataFilter.swift; sourceTree = "<group>"; };
		FCE076622A09E0F200B8DFD3 /* FixturesTableHeader.swift */ = {isa = PBXFileReference; lastKnownFileType = sourcecode.swift; path = FixturesTableHeader.swift; sourceTree = "<group>"; };
		FCE076642A09E41300B8DFD3 /* FixturesTableCell.swift */ = {isa = PBXFileReference; lastKnownFileType = sourcecode.swift; path = FixturesTableCell.swift; sourceTree = "<group>"; };
		FCEA7C1529B05E29008DA3A7 /* UserDefaultsContext.swift */ = {isa = PBXFileReference; lastKnownFileType = sourcecode.swift; path = UserDefaultsContext.swift; sourceTree = "<group>"; };
		FCEF04922A23A64B00B46435 /* FontConstants.swift */ = {isa = PBXFileReference; lastKnownFileType = sourcecode.swift; path = FontConstants.swift; sourceTree = "<group>"; };
		FCF2147A29C157A30031E0D6 /* MenuViewController.swift */ = {isa = PBXFileReference; lastKnownFileType = sourcecode.swift; path = MenuViewController.swift; sourceTree = "<group>"; };
		FCF62FD82A59B1E0007E1FFD /* StandingsTableViewController.swift */ = {isa = PBXFileReference; lastKnownFileType = sourcecode.swift; path = StandingsTableViewController.swift; sourceTree = "<group>"; };
		FCF62FDA2A59E8CF007E1FFD /* FixturesTableViewController.swift */ = {isa = PBXFileReference; lastKnownFileType = sourcecode.swift; path = FixturesTableViewController.swift; sourceTree = "<group>"; };
		FCF62FDC2A5A009F007E1FFD /* LeadersTableViewController.swift */ = {isa = PBXFileReference; lastKnownFileType = sourcecode.swift; path = LeadersTableViewController.swift; sourceTree = "<group>"; };
		FCF62FDE2A5A0B44007E1FFD /* Leader.swift */ = {isa = PBXFileReference; lastKnownFileType = sourcecode.swift; path = Leader.swift; sourceTree = "<group>"; };
		FCF96E1229D68A0800FA82EF /* UIColor.swift */ = {isa = PBXFileReference; lastKnownFileType = sourcecode.swift; path = UIColor.swift; sourceTree = "<group>"; };
		FCF99AC129EE2F2300BB8E5A /* LeagueDataFilterTableCell.swift */ = {isa = PBXFileReference; lastKnownFileType = sourcecode.swift; path = LeagueDataFilterTableCell.swift; sourceTree = "<group>"; };
		FCFBBC5729A7C96700A0D2FB /* StandingsEndpoint.swift */ = {isa = PBXFileReference; lastKnownFileType = sourcecode.swift; path = StandingsEndpoint.swift; sourceTree = "<group>"; };
		FCFCCF502A4E82AF00F58006 /* Fixture.swift */ = {isa = PBXFileReference; lastKnownFileType = sourcecode.swift; path = Fixture.swift; sourceTree = "<group>"; };
/* End PBXFileReference section */

/* Begin PBXFrameworksBuildPhase section */
		FC5845EE296676840032B543 /* Frameworks */ = {
			isa = PBXFrameworksBuildPhase;
			buildActionMask = 2147483647;
			files = (
			);
			runOnlyForDeploymentPostprocessing = 0;
		};
/* End PBXFrameworksBuildPhase section */

/* Begin PBXGroup section */
		FC0B0FD12A113AC400C76B7B /* FixturesTableHeader */ = {
			isa = PBXGroup;
			children = (
				FCE076622A09E0F200B8DFD3 /* FixturesTableHeader.swift */,
				FC5B909C2A32CFB900045A5F /* MatchdayView.swift */,
			);
			path = FixturesTableHeader;
			sourceTree = "<group>";
		};
		FC0DB1F529A708C7009E9668 /* API */ = {
			isa = PBXGroup;
			children = (
				FC58461B2967C6F60032B543 /* ApiError.swift */,
				FC58461E2967C7CD0032B543 /* ApiPaging.swift */,
			);
			path = API;
			sourceTree = "<group>";
		};
		FC227F2A2A2CD2820073F6BD /* Resources */ = {
			isa = PBXGroup;
			children = (
				FC227F2B2A2CD28C0073F6BD /* Fonts */,
				FC9243A32A2259D80084AB4D /* Mock Data */,
			);
			path = Resources;
			sourceTree = "<group>";
		};
		FC227F2B2A2CD28C0073F6BD /* Fonts */ = {
			isa = PBXGroup;
			children = (
				FC5C05062A6C2690006FFB3F /* Modak-Regular.ttf */,
				FC6DEDB92A30240C003F4B7E /* Inter-VariableFont_slnt,wght.ttf */,
			);
			path = Fonts;
			sourceTree = "<group>";
		};
		FC2B81242A2503D000600BDD /* Model */ = {
			isa = PBXGroup;
			children = (
				FCF62FDE2A5A0B44007E1FFD /* Leader.swift */,
				FC2B81252A25040300600BDD /* LeaderFilterType.swift */,
			);
			path = Model;
			sourceTree = "<group>";
		};
		FC2B81272A2506CA00600BDD /* View */ = {
			isa = PBXGroup;
			children = (
				FC5B909E2A32D27400045A5F /* LeadersTableHeader */,
				FC2C88852A2839AA00164637 /* LeadersTableCell */,
			);
			path = View;
			sourceTree = "<group>";
		};
		FC2C88852A2839AA00164637 /* LeadersTableCell */ = {
			isa = PBXGroup;
			children = (
				FC2B812A2A25075200600BDD /* LeadersTableCell.swift */,
				FC2C88862A283A1B00164637 /* PlayerPositionStackView.swift */,
				FC2C88882A2992DA00164637 /* PlayerImageView.swift */,
				FC3F69002A2BE5D500F9BD86 /* PlayerStatView.swift */,
			);
			path = LeadersTableCell;
			sourceTree = "<group>";
		};
		FC32391E2A04AAF1006429A8 /* StandingsTableHeader */ = {
			isa = PBXGroup;
			children = (
				FC5E906029E4EDFB007047F8 /* StandingsTableHeader.swift */,
				FC97F82D29FB4FCA00755CFA /* StandingStatTitleCell.swift */,
			);
			path = StandingsTableHeader;
			sourceTree = "<group>";
		};
		FC36D4B429C66B9E008E1507 /* Base */ = {
			isa = PBXGroup;
			children = (
				FC54563A2A34CA2000093AD1 /* View */,
				FC4AAF3729F4763100736DBE /* Controller */,
			);
			path = Base;
			sourceTree = "<group>";
		};
		FC391B632A1470F000851462 /* Model */ = {
			isa = PBXGroup;
			children = (
				FCFCCF502A4E82AF00F58006 /* Fixture.swift */,
				FC391B642A14715300851462 /* FixtureStatusType.swift */,
				FC4E599A2A1C491B0031C2F6 /* FixtureFilterType.swift */,
			);
			path = Model;
			sourceTree = "<group>";
		};
		FC391B662A1482CF00851462 /* FixtureMatchupView */ = {
			isa = PBXGroup;
			children = (
				FC7E07402A102CFD00BED0B2 /* FixtureMatchupView.swift */,
				FC0B0FD42A1150A000C76B7B /* MatchupSideStackView.swift */,
			);
			path = FixtureMatchupView;
			sourceTree = "<group>";
		};
		FC391B672A1482FF00851462 /* FixtureStatusView */ = {
			isa = PBXGroup;
			children = (
				FC391B702A15CFC200851462 /* FixtureStatusView.swift */,
				FC391B682A14833800851462 /* InPlayStatusView.swift */,
				FC391B6C2A15B4F400851462 /* UpcomingStatusView.swift */,
				FC391B6A2A15B4DB00851462 /* FinishedStatusView.swift */,
			);
			path = FixtureStatusView;
			sourceTree = "<group>";
		};
		FC39ED3629C782A2001722FC /* Utilities */ = {
			isa = PBXGroup;
			children = (
				FC43F03D2A23961600701B6E /* Constants */,
				FCA3D13329B6DC3F0038D8A2 /* Extensions */,
				FC9243A02A22574A0084AB4D /* JSONLoader */,
				FC39ED3829C78393001722FC /* Stores */,
			);
			path = Utilities;
			sourceTree = "<group>";
		};
		FC39ED3829C78393001722FC /* Stores */ = {
			isa = PBXGroup;
			children = (
				FCEA7C1529B05E29008DA3A7 /* UserDefaultsContext.swift */,
				FC7D0C4629B2E35F00BC9B46 /* CoreDataContext.swift */,
				FCDF1F6E29B3F80F00A6522F /* Footi.xcdatamodeld */,
			);
			path = Stores;
			sourceTree = "<group>";
		};
		FC43F03D2A23961600701B6E /* Constants */ = {
			isa = PBXGroup;
			children = (
				FC43F0402A239D0F00701B6E /* AppConstants.swift */,
				FC43F0492A239E4500701B6E /* ComponentConstants.swift */,
				FCEF04922A23A64B00B46435 /* FontConstants.swift */,
			);
			path = Constants;
			sourceTree = "<group>";
		};
		FC4817CD2A049ACA003E9FFD /* Model */ = {
			isa = PBXGroup;
			children = (
				FC4817CE2A049BD2003E9FFD /* LeagueHeaderDetails.swift */,
			);
			path = Model;
			sourceTree = "<group>";
		};
		FC4817D02A049E3A003E9FFD /* Services */ = {
			isa = PBXGroup;
			children = (
				FC1AC90A29A9A1C700693DB3 /* FixturesService.swift */,
				FC1AC90C29A9B2B500693DB3 /* LeadersService.swift */,
				FC0DB1FE29A723CB009E9668 /* LeaguesService.swift */,
				FC1AC90829A958AA00693DB3 /* StandingsService.swift */,
			);
			path = Services;
			sourceTree = "<group>";
		};
		FC4817D12A049E55003E9FFD /* Endpoints */ = {
			isa = PBXGroup;
			children = (
				FCD5B23A29A85E3B00CAD524 /* FixturesEndpoint.swift */,
				FCD5B23C29A8638B00CAD524 /* LeadersEndpoint.swift */,
				FC0DB1FB29A72393009E9668 /* LeaguesEndpoint.swift */,
				FCFBBC5729A7C96700A0D2FB /* StandingsEndpoint.swift */,
			);
			path = Endpoints;
			sourceTree = "<group>";
		};
		FC4817D42A04A9E2003E9FFD /* StandingsTableCell */ = {
			isa = PBXGroup;
			children = (
				FCB5A44229E37B43009FC8D9 /* StandingsTableCell.swift */,
				FC42462629F725980056A3F6 /* ClubPositionStackView.swift */,
				FC97F82F29FB64DB00755CFA /* StandingStatCollectionCell.swift */,
			);
			path = StandingsTableCell;
			sourceTree = "<group>";
		};
		FC4AAF3629F4760B00736DBE /* View */ = {
			isa = PBXGroup;
			children = (
				FC841E9C2A424B25008D819D /* LeagueDataFilterTableHeader.swift */,
				FCF99AC129EE2F2300BB8E5A /* LeagueDataFilterTableCell.swift */,
			);
			path = View;
			sourceTree = "<group>";
		};
		FC4AAF3729F4763100736DBE /* Controller */ = {
			isa = PBXGroup;
			children = (
				FC36D4BA29C6828F008E1507 /* BaseNavigationController.swift */,
				FC36D4B529C66BB5008E1507 /* BaseViewContoller.swift */,
				FC02E6782A54AC7B0012A1B1 /* BaseTableViewController.swift */,
			);
			path = Controller;
			sourceTree = "<group>";
		};
		FC4AAF3829F4768D00736DBE /* LeagueHeader */ = {
			isa = PBXGroup;
			children = (
				FC4817CD2A049ACA003E9FFD /* Model */,
				FC4AAF3929F476A300736DBE /* View */,
			);
			path = LeagueHeader;
			sourceTree = "<group>";
		};
		FC4AAF3929F476A300736DBE /* View */ = {
			isa = PBXGroup;
			children = (
				FC5E906529E658AE007047F8 /* LeagueHeaderView.swift */,
				FC5E906829E8EFCC007047F8 /* LeagueDisplayStackView.swift */,
				FC5E906A29E8FC8C007047F8 /* LeagueDataFilterDropdown.swift */,
			);
			path = View;
			sourceTree = "<group>";
		};
		FC4AAF3A29F476DA00736DBE /* Controller */ = {
			isa = PBXGroup;
			children = (
				FCC4D1C729BD4ECD00750657 /* HomeTabBarController.swift */,
			);
			path = Controller;
			sourceTree = "<group>";
		};
		FC4AAF3E29F4789A00736DBE /* View */ = {
			isa = PBXGroup;
			children = (
				FC32391E2A04AAF1006429A8 /* StandingsTableHeader */,
				FC4817D42A04A9E2003E9FFD /* StandingsTableCell */,
			);
			path = View;
			sourceTree = "<group>";
		};
		FC4AAF3F29F479DC00736DBE /* Controller */ = {
			isa = PBXGroup;
			children = (
				FCF2147A29C157A30031E0D6 /* MenuViewController.swift */,
				FC39ED3A29C79574001722FC /* LeagueSelectViewController.swift */,
			);
			path = Controller;
			sourceTree = "<group>";
		};
		FC4AAF4129F47AC000736DBE /* Controller */ = {
			isa = PBXGroup;
			children = (
				FC7D16EC29BE48CD009B408B /* FixturesViewController.swift */,
				FCF62FDA2A59E8CF007E1FFD /* FixturesTableViewController.swift */,
			);
			path = Controller;
			sourceTree = "<group>";
		};
		FC4AAF4229F47ADF00736DBE /* Controller */ = {
			isa = PBXGroup;
			children = (
				FC7D16EA29BE48B1009B408B /* LeadersViewController.swift */,
				FCF62FDC2A5A009F007E1FFD /* LeadersTableViewController.swift */,
			);
			path = Controller;
			sourceTree = "<group>";
		};
		FC4AAF4329F47B0000736DBE /* Settings */ = {
			isa = PBXGroup;
			children = (
				FCD786292A394F63004C4EA1 /* Model */,
				FC4AAF4529F47EB300736DBE /* View */,
				FC4AAF4429F47EA300736DBE /* Controller */,
			);
			path = Settings;
			sourceTree = "<group>";
		};
		FC4AAF4429F47EA300736DBE /* Controller */ = {
			isa = PBXGroup;
			children = (
				FC1A061B29D3D80F00A735E4 /* SettingsViewController.swift */,
				FC0BB10229DBD08300C07140 /* SettingOptionViewController.swift */,
			);
			path = Controller;
			sourceTree = "<group>";
		};
		FC4AAF4529F47EB300736DBE /* View */ = {
			isa = PBXGroup;
			children = (
				FC1A062029D5340700A735E4 /* SettingGroupHeader.swift */,
				FC1A061E29D3E26E00A735E4 /* SettingOptionCell.swift */,
				FC0C64F029DE67AC006F7C8D /* SettingSelectionCell.swift */,
			);
			path = View;
			sourceTree = "<group>";
		};
		FC4AAF4E29F4823900736DBE /* Controller */ = {
			isa = PBXGroup;
			children = (
				FC7D16E829BE47A9009B408B /* StandingsViewController.swift */,
				FCF62FD82A59B1E0007E1FFD /* StandingsTableViewController.swift */,
			);
			path = Controller;
			sourceTree = "<group>";
		};
		FC4AAF4F29F4834100736DBE /* View */ = {
			isa = PBXGroup;
			children = (
				FC9E56992A3CFB08000AFDA3 /* LeagueSelectHeader.swift */,
				FC4D8EC829CF8F59002E0CE3 /* LeagueSelectCell.swift */,
			);
			path = View;
			sourceTree = "<group>";
		};
		FC4AAF5029F483A200736DBE /* Controller */ = {
			isa = PBXGroup;
			children = (
				FC841E9E2A435411008D819D /* LeagueDataFilterNavigationController.swift */,
				FC6903DF29EC7B2C008EEB82 /* LeagueDataFilterViewController.swift */,
			);
			path = Controller;
			sourceTree = "<group>";
		};
		FC4AAF5129F483DA00736DBE /* UI */ = {
			isa = PBXGroup;
			children = (
				FC36D4B429C66B9E008E1507 /* Base */,
				FC5C05082A6C26F9006FFB3F /* LaunchScreen */,
				FC7D16E329BE46A7009B408B /* Home */,
				FC7D16E429BE46C0009B408B /* Standings */,
				FC7D16E529BE46CB009B408B /* Fixtures */,
				FC7D16E629BE4705009B408B /* Leaders */,
				FC7D16E729BE4758009B408B /* Menu */,
				FC4AAF4329F47B0000736DBE /* Settings */,
				FC4AAF3829F4768D00736DBE /* LeagueHeader */,
				FC63538229EF774E001B3BDC /* LeagueDataFilter */,
				FC6903DB29EC7869008EEB82 /* Shared */,
			);
			path = UI;
			sourceTree = "<group>";
		};
		FC4FD2412A07F87400BDE0E5 /* Model */ = {
			isa = PBXGroup;
			children = (
				FC4FD23F2A07F26100BDE0E5 /* LeagueSelection.swift */,
			);
			path = Model;
			sourceTree = "<group>";
		};
		FC54563A2A34CA2000093AD1 /* View */ = {
			isa = PBXGroup;
			children = (
				FC02E67A2A54BE0F0012A1B1 /* BaseStackView.swift */,
				FC54563B2A34CA5800093AD1 /* BaseTableHeader.swift */,
				FC841E9A2A41EB35008D819D /* BaseTableCell.swift */,
				FC5C05032A68C91F006FFB3F /* BaseTitleView.swift */,
			);
			path = View;
			sourceTree = "<group>";
		};
		FC5845E8296676840032B543 = {
			isa = PBXGroup;
			children = (
				FC5845F3296676840032B543 /* Footi */,
				FC5845F2296676840032B543 /* Products */,
			);
			sourceTree = "<group>";
		};
		FC5845F2296676840032B543 /* Products */ = {
			isa = PBXGroup;
			children = (
				FC5845F1296676840032B543 /* Footi.app */,
			);
			name = Products;
			sourceTree = "<group>";
		};
		FC5845F3296676840032B543 /* Footi */ = {
			isa = PBXGroup;
			children = (
				FC584605296676850032B543 /* Info.plist */,
				FC5845F4296676840032B543 /* AppDelegate.swift */,
				FC5845F6296676840032B543 /* SceneDelegate.swift */,
				FC584600296676850032B543 /* Assets.xcassets */,
				FC4AAF5129F483DA00736DBE /* UI */,
				FC58460B29668BFD0032B543 /* Network */,
				FC39ED3629C782A2001722FC /* Utilities */,
				FC227F2A2A2CD2820073F6BD /* Resources */,
			);
			path = Footi;
			sourceTree = "<group>";
		};
		FC58460B29668BFD0032B543 /* Network */ = {
			isa = PBXGroup;
			children = (
				FC58460C29668C090032B543 /* Base */,
				FC4817D02A049E3A003E9FFD /* Services */,
				FC4817D12A049E55003E9FFD /* Endpoints */,
				FC9048D829B84613006B0AA3 /* Models */,
			);
			path = Network;
			sourceTree = "<group>";
		};
		FC58460C29668C090032B543 /* Base */ = {
			isa = PBXGroup;
			children = (
				FC58460D29668C180032B543 /* Endpoint.swift */,
				FC0DB1F829A71490009E9668 /* HTTPClient.swift */,
				FC584611296692190032B543 /* RequestError.swift */,
				FC58460F29668E720032B543 /* RequestMethod.swift */,
			);
			path = Base;
			sourceTree = "<group>";
		};
		FC5B909E2A32D27400045A5F /* LeadersTableHeader */ = {
			isa = PBXGroup;
			children = (
				FC2B81282A2506E600600BDD /* LeadersTableHeader.swift */,
			);
			path = LeadersTableHeader;
			sourceTree = "<group>";
		};
		FC5C05052A6AE007006FFB3F /* RefreshView */ = {
			isa = PBXGroup;
			children = (
				FCDC12CC2A51CCBA009031F2 /* RefreshView.swift */,
			);
			path = RefreshView;
			sourceTree = "<group>";
		};
		FC5C05082A6C26F9006FFB3F /* LaunchScreen */ = {
			isa = PBXGroup;
			children = (
				FC5C05092A6C2719006FFB3F /* View */,
			);
			path = LaunchScreen;
			sourceTree = "<group>";
		};
		FC5C05092A6C2719006FFB3F /* View */ = {
			isa = PBXGroup;
			children = (
				FC5C050F2A6D71C7006FFB3F /* LaunchScreen.xib */,
			);
			path = View;
			sourceTree = "<group>";
		};
		FC63538229EF774E001B3BDC /* LeagueDataFilter */ = {
			isa = PBXGroup;
			children = (
				FCE0765C2A09DC0100B8DFD3 /* Model */,
				FC4AAF3629F4760B00736DBE /* View */,
				FC4AAF5029F483A200736DBE /* Controller */,
			);
			path = LeagueDataFilter;
			sourceTree = "<group>";
		};
		FC6903DB29EC7869008EEB82 /* Shared */ = {
			isa = PBXGroup;
			children = (
				FC4FD2412A07F87400BDE0E5 /* Model */,
				FC841EA62A464116008D819D /* View */,
			);
			path = Shared;
			sourceTree = "<group>";
		};
		FC7AECF72A62EEA900C5D854 /* LoadingView */ = {
			isa = PBXGroup;
			children = (
				FC7AECF52A62EC1F00C5D854 /* LoadingView.swift */,
				FC7AECF82A62EECA00C5D854 /* LoadingWheel.swift */,
			);
			path = LoadingView;
			sourceTree = "<group>";
		};
		FC7D16E329BE46A7009B408B /* Home */ = {
			isa = PBXGroup;
			children = (
				FC4AAF3A29F476DA00736DBE /* Controller */,
			);
			path = Home;
			sourceTree = "<group>";
		};
		FC7D16E429BE46C0009B408B /* Standings */ = {
			isa = PBXGroup;
			children = (
				FC841EA32A450D92008D819D /* Model */,
				FC4AAF3E29F4789A00736DBE /* View */,
				FC4AAF4E29F4823900736DBE /* Controller */,
			);
			path = Standings;
			sourceTree = "<group>";
		};
		FC7D16E529BE46CB009B408B /* Fixtures */ = {
			isa = PBXGroup;
			children = (
				FC391B632A1470F000851462 /* Model */,
				FCE0765F2A09E04A00B8DFD3 /* View */,
				FC4AAF4129F47AC000736DBE /* Controller */,
			);
			path = Fixtures;
			sourceTree = "<group>";
		};
		FC7D16E629BE4705009B408B /* Leaders */ = {
			isa = PBXGroup;
			children = (
				FC2B81242A2503D000600BDD /* Model */,
				FC2B81272A2506CA00600BDD /* View */,
				FC4AAF4229F47ADF00736DBE /* Controller */,
			);
			path = Leaders;
			sourceTree = "<group>";
		};
		FC7D16E729BE4758009B408B /* Menu */ = {
			isa = PBXGroup;
			children = (
				FC4AAF4F29F4834100736DBE /* View */,
				FC4AAF3F29F479DC00736DBE /* Controller */,
			);
			path = Menu;
			sourceTree = "<group>";
		};
		FC7E073F2A102CAF00BED0B2 /* FixturesTableCell */ = {
			isa = PBXGroup;
			children = (
				FCE076642A09E41300B8DFD3 /* FixturesTableCell.swift */,
				FC391B662A1482CF00851462 /* FixtureMatchupView */,
				FC391B672A1482FF00851462 /* FixtureStatusView */,
			);
			path = FixturesTableCell;
			sourceTree = "<group>";
		};
		FC841EA32A450D92008D819D /* Model */ = {
			isa = PBXGroup;
			children = (
				FC841EA42A450ECD008D819D /* Standing.swift */,
			);
			path = Model;
			sourceTree = "<group>";
		};
		FC841EA62A464116008D819D /* View */ = {
			isa = PBXGroup;
			children = (
				FC841EA12A43970F008D819D /* InPlayIndicator.swift */,
				FC5C05052A6AE007006FFB3F /* RefreshView */,
				FC7AECF72A62EEA900C5D854 /* LoadingView */,
			);
			path = View;
			sourceTree = "<group>";
		};
		FC9048D829B84613006B0AA3 /* Models */ = {
			isa = PBXGroup;
			children = (
				FC0DB1F629A70932009E9668 /* Club.swift */,
				FC5846222967D3BD0032B543 /* FixturesResponse.swift */,
				FC0DB1F329A6FF8E009E9668 /* LeadersResponse.swift */,
				FC5846142966948A0032B543 /* Leagues.swift */,
				FC5846202967C8F00032B543 /* StandingsResponse.swift */,
				FC0DB1F529A708C7009E9668 /* API */,
			);
			path = Models;
			sourceTree = "<group>";
		};
		FC9243A02A22574A0084AB4D /* JSONLoader */ = {
			isa = PBXGroup;
			children = (
				FC9243A12A2257780084AB4D /* JSONLoader.swift */,
			);
			path = JSONLoader;
			sourceTree = "<group>";
		};
		FC9243A32A2259D80084AB4D /* Mock Data */ = {
			isa = PBXGroup;
			children = (
				FC9243A42A225AAE0084AB4D /* league-39.json */,
				FC9243A62A225D1B0084AB4D /* league-61.json */,
				FC9243C62A229FC50084AB4D /* standings-39-2021.json */,
				FC9243A82A225D840084AB4D /* standings-39-2022.json */,
				FC9243C42A229F850084AB4D /* standings-61-2015.json */,
				FC9243AA2A225E390084AB4D /* standings-61-2022.json */,
				FC9243AC2A225E9D0084AB4D /* fixtures-today-39.json */,
				FC9243B42A2263240084AB4D /* fixtures-today-61.json */,
				FC9243AE2A225EF50084AB4D /* fixtures-inPlay-39.json */,
				FC9243B62A2263920084AB4D /* fixtures-inPlay-61.json */,
				FC9243B02A225F930084AB4D /* fixtures-upcoming-39.json */,
				FC9243B82A2266860084AB4D /* fixtures-upcoming-61.json */,
				FC9243B22A2262700084AB4D /* fixtures-past-39.json */,
				FC9243BA2A22670A0084AB4D /* fixtures-past-61.json */,
				FC9243BC2A22690D0084AB4D /* leaders-goals-39.json */,
				FC9243BE2A2269300084AB4D /* leaders-assists-39.json */,
				FC9243C02A2269910084AB4D /* leaders-yellowCards-39.json */,
				FC9243C22A2269A90084AB4D /* leaders-redCards-39.json */,
			);
			path = "Mock Data";
			sourceTree = "<group>";
		};
		FCA3D13329B6DC3F0038D8A2 /* Extensions */ = {
			isa = PBXGroup;
			children = (
				FCA3D13429B6DC4C0038D8A2 /* Date.swift */,
				FCF96E1229D68A0800FA82EF /* UIColor.swift */,
				FCB507A229D091E4001CB2C2 /* UIImageView.swift */,
				FCC31C7229CAAAE30036CF9B /* UIView.swift */,
			);
			path = Extensions;
			sourceTree = "<group>";
		};
		FCD786292A394F63004C4EA1 /* Model */ = {
			isa = PBXGroup;
			children = (
				FCD7862A2A394F73004C4EA1 /* SettingGroup.swift */,
			);
			path = Model;
			sourceTree = "<group>";
		};
		FCE0765C2A09DC0100B8DFD3 /* Model */ = {
			isa = PBXGroup;
			children = (
				FCE0765D2A09DC1000B8DFD3 /* LeagueDataFilter.swift */,
			);
			path = Model;
			sourceTree = "<group>";
		};
		FCE0765F2A09E04A00B8DFD3 /* View */ = {
			isa = PBXGroup;
			children = (
				FC0B0FD12A113AC400C76B7B /* FixturesTableHeader */,
				FC7E073F2A102CAF00BED0B2 /* FixturesTableCell */,
			);
			path = View;
			sourceTree = "<group>";
		};
/* End PBXGroup section */

/* Begin PBXNativeTarget section */
		FC5845F0296676840032B543 /* Footi */ = {
			isa = PBXNativeTarget;
			buildConfigurationList = FC584608296676850032B543 /* Build configuration list for PBXNativeTarget "Footi" */;
			buildPhases = (
				FC5845ED296676840032B543 /* Sources */,
				FC5845EE296676840032B543 /* Frameworks */,
				FC5845EF296676840032B543 /* Resources */,
			);
			buildRules = (
			);
			dependencies = (
			);
			name = Footi;
			productName = Footi;
			productReference = FC5845F1296676840032B543 /* Footi.app */;
			productType = "com.apple.product-type.application";
		};
/* End PBXNativeTarget section */

/* Begin PBXProject section */
		FC5845E9296676840032B543 /* Project object */ = {
			isa = PBXProject;
			attributes = {
				BuildIndependentTargetsInParallel = 1;
				LastSwiftUpdateCheck = 1420;
				LastUpgradeCheck = 1420;
				TargetAttributes = {
					FC5845F0296676840032B543 = {
						CreatedOnToolsVersion = 14.2;
					};
				};
			};
			buildConfigurationList = FC5845EC296676840032B543 /* Build configuration list for PBXProject "Footi" */;
			compatibilityVersion = "Xcode 14.0";
			developmentRegion = en;
			hasScannedForEncodings = 0;
			knownRegions = (
				en,
				Base,
			);
			mainGroup = FC5845E8296676840032B543;
			productRefGroup = FC5845F2296676840032B543 /* Products */;
			projectDirPath = "";
			projectRoot = "";
			targets = (
				FC5845F0296676840032B543 /* Footi */,
			);
		};
/* End PBXProject section */

/* Begin PBXResourcesBuildPhase section */
		FC5845EF296676840032B543 /* Resources */ = {
			isa = PBXResourcesBuildPhase;
			buildActionMask = 2147483647;
			files = (
				FC9243A92A225D840084AB4D /* standings-39-2022.json in Resources */,
				FC5C05072A6C2690006FFB3F /* Modak-Regular.ttf in Resources */,
				FC9243AF2A225EF50084AB4D /* fixtures-inPlay-39.json in Resources */,
				FC9243C12A2269910084AB4D /* leaders-yellowCards-39.json in Resources */,
				FC9243B72A2263920084AB4D /* fixtures-inPlay-61.json in Resources */,
				FC6DEDBA2A30240C003F4B7E /* Inter-VariableFont_slnt,wght.ttf in Resources */,
				FC9243AB2A225E390084AB4D /* standings-61-2022.json in Resources */,
				FC9243BB2A22670A0084AB4D /* fixtures-past-61.json in Resources */,
				FC9243B12A225F930084AB4D /* fixtures-upcoming-39.json in Resources */,
				FC9243B32A2262700084AB4D /* fixtures-past-39.json in Resources */,
				FC9243BF2A2269300084AB4D /* leaders-assists-39.json in Resources */,
				FC9243B52A2263240084AB4D /* fixtures-today-61.json in Resources */,
				FC9243C52A229F850084AB4D /* standings-61-2015.json in Resources */,
				FC9243A52A225AAE0084AB4D /* league-39.json in Resources */,
				FC9243AD2A225E9D0084AB4D /* fixtures-today-39.json in Resources */,
				FC9243C32A2269A90084AB4D /* leaders-redCards-39.json in Resources */,
				FC9243A72A225D1C0084AB4D /* league-61.json in Resources */,
				FC9243B92A2266860084AB4D /* fixtures-upcoming-61.json in Resources */,
				FC9243C72A229FC50084AB4D /* standings-39-2021.json in Resources */,
				FC584601296676850032B543 /* Assets.xcassets in Resources */,
				FC5C05102A6D71C7006FFB3F /* LaunchScreen.xib in Resources */,
				FC9243BD2A22690D0084AB4D /* leaders-goals-39.json in Resources */,
			);
			runOnlyForDeploymentPostprocessing = 0;
		};
/* End PBXResourcesBuildPhase section */

/* Begin PBXSourcesBuildPhase section */
		FC5845ED296676840032B543 /* Sources */ = {
			isa = PBXSourcesBuildPhase;
			buildActionMask = 2147483647;
			files = (
				FCEF04932A23A64B00B46435 /* FontConstants.swift in Sources */,
				FC9E569A2A3CFB08000AFDA3 /* LeagueSelectHeader.swift in Sources */,
				FC391B6B2A15B4DB00851462 /* FinishedStatusView.swift in Sources */,
				FC42462729F725980056A3F6 /* ClubPositionStackView.swift in Sources */,
				FC4E599B2A1C491B0031C2F6 /* FixtureFilterType.swift in Sources */,
				FC584612296692190032B543 /* RequestError.swift in Sources */,
				FCF62FDD2A5A009F007E1FFD /* LeadersTableViewController.swift in Sources */,
				FC2C88892A2992DA00164637 /* PlayerImageView.swift in Sources */,
				FCF96E1329D68A0800FA82EF /* UIColor.swift in Sources */,
				FC1AC90929A958AA00693DB3 /* StandingsService.swift in Sources */,
				FC391B652A14715300851462 /* FixtureStatusType.swift in Sources */,
				FC5845F5296676840032B543 /* AppDelegate.swift in Sources */,
				FC2B81292A2506E600600BDD /* LeadersTableHeader.swift in Sources */,
				FC0DB1FF29A723CB009E9668 /* LeaguesService.swift in Sources */,
				FC1AC90D29A9B2B500693DB3 /* LeadersService.swift in Sources */,
				FC1AC90B29A9A1C700693DB3 /* FixturesService.swift in Sources */,
				FCF2147B29C157A30031E0D6 /* MenuViewController.swift in Sources */,
				FC841EA22A43970F008D819D /* InPlayIndicator.swift in Sources */,
				FC5C05042A68C91F006FFB3F /* BaseTitleView.swift in Sources */,
				FC0DB1F729A70932009E9668 /* Club.swift in Sources */,
				FC841E9B2A41EB35008D819D /* BaseTableCell.swift in Sources */,
				FC5845F7296676840032B543 /* SceneDelegate.swift in Sources */,
				FC0BB10329DBD08300C07140 /* SettingOptionViewController.swift in Sources */,
				FCE0765E2A09DC1000B8DFD3 /* LeagueDataFilter.swift in Sources */,
				FCC31C7329CAAAE30036CF9B /* UIView.swift in Sources */,
				FC36D4BB29C6828F008E1507 /* BaseNavigationController.swift in Sources */,
				FC7D0C4729B2E35F00BC9B46 /* CoreDataContext.swift in Sources */,
				FC5846212967C8F00032B543 /* StandingsResponse.swift in Sources */,
				FCFBBC5829A7C96700A0D2FB /* StandingsEndpoint.swift in Sources */,
				FC5E906129E4EDFB007047F8 /* StandingsTableHeader.swift in Sources */,
				FC7AECF62A62EC1F00C5D854 /* LoadingView.swift in Sources */,
				FCB507A329D091E4001CB2C2 /* UIImageView.swift in Sources */,
				FCF62FD92A59B1E0007E1FFD /* StandingsTableViewController.swift in Sources */,
				FC2B812B2A25075200600BDD /* LeadersTableCell.swift in Sources */,
				FC5E906B29E8FC8C007047F8 /* LeagueDataFilterDropdown.swift in Sources */,
				FC02E67B2A54BE0F0012A1B1 /* BaseStackView.swift in Sources */,
				FCD7862B2A394F74004C4EA1 /* SettingGroup.swift in Sources */,
				FC36D4B629C66BB5008E1507 /* BaseViewContoller.swift in Sources */,
				FC841EA52A450ECD008D819D /* Standing.swift in Sources */,
				FC0DB1FC29A72393009E9668 /* LeaguesEndpoint.swift in Sources */,
				FCE076652A09E41300B8DFD3 /* FixturesTableCell.swift in Sources */,
				FC841E9F2A435411008D819D /* LeagueDataFilterNavigationController.swift in Sources */,
				FCDC12CD2A51CCBA009031F2 /* RefreshView.swift in Sources */,
				FC6903E029EC7B2C008EEB82 /* LeagueDataFilterViewController.swift in Sources */,
				FC58461029668E720032B543 /* RequestMethod.swift in Sources */,
				FC841E9D2A424B25008D819D /* LeagueDataFilterTableHeader.swift in Sources */,
				FC02E6792A54AC7B0012A1B1 /* BaseTableViewController.swift in Sources */,
				FCC4D1C829BD4ECD00750657 /* HomeTabBarController.swift in Sources */,
				FC1A062129D5340700A735E4 /* SettingGroupHeader.swift in Sources */,
				FC391B692A14833800851462 /* InPlayStatusView.swift in Sources */,
				FC5E906629E658AE007047F8 /* LeagueHeaderView.swift in Sources */,
				FC39ED3B29C79574001722FC /* LeagueSelectViewController.swift in Sources */,
				FC43F0412A239D0F00701B6E /* AppConstants.swift in Sources */,
				FC1A061F29D3E26E00A735E4 /* SettingOptionCell.swift in Sources */,
				FCF62FDB2A59E8CF007E1FFD /* FixturesTableViewController.swift in Sources */,
				FCFCCF512A4E82AF00F58006 /* Fixture.swift in Sources */,
				FC5E906929E8EFCC007047F8 /* LeagueDisplayStackView.swift in Sources */,
				FC5846152966948A0032B543 /* Leagues.swift in Sources */,
				FC0B0FD52A1150A000C76B7B /* MatchupSideStackView.swift in Sources */,
				FC4FD2402A07F26100BDE0E5 /* LeagueSelection.swift in Sources */,
				FC7D16EB29BE48B1009B408B /* LeadersViewController.swift in Sources */,
				FC2B81262A25040300600BDD /* LeaderFilterType.swift in Sources */,
				FC1A061C29D3D80F00A735E4 /* SettingsViewController.swift in Sources */,
				FCA3D13529B6DC4C0038D8A2 /* Date.swift in Sources */,
				FC58460E29668C180032B543 /* Endpoint.swift in Sources */,
				FC7D16E929BE47A9009B408B /* StandingsViewController.swift in Sources */,
				FC97F83029FB64DB00755CFA /* StandingStatCollectionCell.swift in Sources */,
				FCE076632A09E0F200B8DFD3 /* FixturesTableHeader.swift in Sources */,
				FC4817CF2A049BD2003E9FFD /* LeagueHeaderDetails.swift in Sources */,
				FCD5B23D29A8638B00CAD524 /* LeadersEndpoint.swift in Sources */,
				FCDF1F7029B3F80F00A6522F /* Footi.xcdatamodeld in Sources */,
				FC5B909D2A32CFB900045A5F /* MatchdayView.swift in Sources */,
				FCF99AC229EE2F2300BB8E5A /* LeagueDataFilterTableCell.swift in Sources */,
				FC97F82E29FB4FCA00755CFA /* StandingStatTitleCell.swift in Sources */,
				FC7E07412A102CFD00BED0B2 /* FixtureMatchupView.swift in Sources */,
				FCD5B23B29A85E3B00CAD524 /* FixturesEndpoint.swift in Sources */,
				FC43F04A2A239E4500701B6E /* ComponentConstants.swift in Sources */,
				FCEA7C1629B05E29008DA3A7 /* UserDefaultsContext.swift in Sources */,
				FCF62FDF2A5A0B44007E1FFD /* Leader.swift in Sources */,
				FC58461F2967C7CD0032B543 /* ApiPaging.swift in Sources */,
				FC0C64F129DE67AC006F7C8D /* SettingSelectionCell.swift in Sources */,
				FC7AECF92A62EECA00C5D854 /* LoadingWheel.swift in Sources */,
				FC54563C2A34CA5800093AD1 /* BaseTableHeader.swift in Sources */,
				FC9243A22A2257780084AB4D /* JSONLoader.swift in Sources */,
				FCB5A44329E37B43009FC8D9 /* StandingsTableCell.swift in Sources */,
				FC391B712A15CFC200851462 /* FixtureStatusView.swift in Sources */,
				FC0DB1F929A71490009E9668 /* HTTPClient.swift in Sources */,
				FC2C88872A283A1B00164637 /* PlayerPositionStackView.swift in Sources */,
				FC7D16ED29BE48CD009B408B /* FixturesViewController.swift in Sources */,
				FC0DB1F429A6FF8E009E9668 /* LeadersResponse.swift in Sources */,
				FC391B6D2A15B4F400851462 /* UpcomingStatusView.swift in Sources */,
				FC58461C2967C6F60032B543 /* ApiError.swift in Sources */,
				FC4D8EC929CF8F59002E0CE3 /* LeagueSelectCell.swift in Sources */,
				FC3F69012A2BE5D500F9BD86 /* PlayerStatView.swift in Sources */,
				FC5846232967D3BD0032B543 /* FixturesResponse.swift in Sources */,
			);
			runOnlyForDeploymentPostprocessing = 0;
		};
/* End PBXSourcesBuildPhase section */

/* Begin XCBuildConfiguration section */
		FC584606296676850032B543 /* Debug */ = {
			isa = XCBuildConfiguration;
			buildSettings = {
				ALWAYS_SEARCH_USER_PATHS = NO;
				CLANG_ANALYZER_NONNULL = YES;
				CLANG_ANALYZER_NUMBER_OBJECT_CONVERSION = YES_AGGRESSIVE;
				CLANG_CXX_LANGUAGE_STANDARD = "gnu++20";
				CLANG_ENABLE_MODULES = YES;
				CLANG_ENABLE_OBJC_ARC = YES;
				CLANG_ENABLE_OBJC_WEAK = YES;
				CLANG_WARN_BLOCK_CAPTURE_AUTORELEASING = YES;
				CLANG_WARN_BOOL_CONVERSION = YES;
				CLANG_WARN_COMMA = YES;
				CLANG_WARN_CONSTANT_CONVERSION = YES;
				CLANG_WARN_DEPRECATED_OBJC_IMPLEMENTATIONS = YES;
				CLANG_WARN_DIRECT_OBJC_ISA_USAGE = YES_ERROR;
				CLANG_WARN_DOCUMENTATION_COMMENTS = YES;
				CLANG_WARN_EMPTY_BODY = YES;
				CLANG_WARN_ENUM_CONVERSION = YES;
				CLANG_WARN_INFINITE_RECURSION = YES;
				CLANG_WARN_INT_CONVERSION = YES;
				CLANG_WARN_NON_LITERAL_NULL_CONVERSION = YES;
				CLANG_WARN_OBJC_IMPLICIT_RETAIN_SELF = YES;
				CLANG_WARN_OBJC_LITERAL_CONVERSION = YES;
				CLANG_WARN_OBJC_ROOT_CLASS = YES_ERROR;
				CLANG_WARN_QUOTED_INCLUDE_IN_FRAMEWORK_HEADER = YES;
				CLANG_WARN_RANGE_LOOP_ANALYSIS = YES;
				CLANG_WARN_STRICT_PROTOTYPES = YES;
				CLANG_WARN_SUSPICIOUS_MOVE = YES;
				CLANG_WARN_UNGUARDED_AVAILABILITY = YES_AGGRESSIVE;
				CLANG_WARN_UNREACHABLE_CODE = YES;
				CLANG_WARN__DUPLICATE_METHOD_MATCH = YES;
				COPY_PHASE_STRIP = NO;
				DEBUG_INFORMATION_FORMAT = dwarf;
				ENABLE_STRICT_OBJC_MSGSEND = YES;
				ENABLE_TESTABILITY = YES;
				GCC_C_LANGUAGE_STANDARD = gnu11;
				GCC_DYNAMIC_NO_PIC = NO;
				GCC_NO_COMMON_BLOCKS = YES;
				GCC_OPTIMIZATION_LEVEL = 0;
				GCC_PREPROCESSOR_DEFINITIONS = (
					"DEBUG=1",
					"$(inherited)",
				);
				GCC_WARN_64_TO_32_BIT_CONVERSION = YES;
				GCC_WARN_ABOUT_RETURN_TYPE = YES_ERROR;
				GCC_WARN_UNDECLARED_SELECTOR = YES;
				GCC_WARN_UNINITIALIZED_AUTOS = YES_AGGRESSIVE;
				GCC_WARN_UNUSED_FUNCTION = YES;
				GCC_WARN_UNUSED_VARIABLE = YES;
				IPHONEOS_DEPLOYMENT_TARGET = 16.2;
				MTL_ENABLE_DEBUG_INFO = INCLUDE_SOURCE;
				MTL_FAST_MATH = YES;
				ONLY_ACTIVE_ARCH = YES;
				SDKROOT = iphoneos;
				SWIFT_ACTIVE_COMPILATION_CONDITIONS = DEBUG;
				SWIFT_OPTIMIZATION_LEVEL = "-Onone";
			};
			name = Debug;
		};
		FC584607296676850032B543 /* Release */ = {
			isa = XCBuildConfiguration;
			buildSettings = {
				ALWAYS_SEARCH_USER_PATHS = NO;
				CLANG_ANALYZER_NONNULL = YES;
				CLANG_ANALYZER_NUMBER_OBJECT_CONVERSION = YES_AGGRESSIVE;
				CLANG_CXX_LANGUAGE_STANDARD = "gnu++20";
				CLANG_ENABLE_MODULES = YES;
				CLANG_ENABLE_OBJC_ARC = YES;
				CLANG_ENABLE_OBJC_WEAK = YES;
				CLANG_WARN_BLOCK_CAPTURE_AUTORELEASING = YES;
				CLANG_WARN_BOOL_CONVERSION = YES;
				CLANG_WARN_COMMA = YES;
				CLANG_WARN_CONSTANT_CONVERSION = YES;
				CLANG_WARN_DEPRECATED_OBJC_IMPLEMENTATIONS = YES;
				CLANG_WARN_DIRECT_OBJC_ISA_USAGE = YES_ERROR;
				CLANG_WARN_DOCUMENTATION_COMMENTS = YES;
				CLANG_WARN_EMPTY_BODY = YES;
				CLANG_WARN_ENUM_CONVERSION = YES;
				CLANG_WARN_INFINITE_RECURSION = YES;
				CLANG_WARN_INT_CONVERSION = YES;
				CLANG_WARN_NON_LITERAL_NULL_CONVERSION = YES;
				CLANG_WARN_OBJC_IMPLICIT_RETAIN_SELF = YES;
				CLANG_WARN_OBJC_LITERAL_CONVERSION = YES;
				CLANG_WARN_OBJC_ROOT_CLASS = YES_ERROR;
				CLANG_WARN_QUOTED_INCLUDE_IN_FRAMEWORK_HEADER = YES;
				CLANG_WARN_RANGE_LOOP_ANALYSIS = YES;
				CLANG_WARN_STRICT_PROTOTYPES = YES;
				CLANG_WARN_SUSPICIOUS_MOVE = YES;
				CLANG_WARN_UNGUARDED_AVAILABILITY = YES_AGGRESSIVE;
				CLANG_WARN_UNREACHABLE_CODE = YES;
				CLANG_WARN__DUPLICATE_METHOD_MATCH = YES;
				COPY_PHASE_STRIP = NO;
				DEBUG_INFORMATION_FORMAT = "dwarf-with-dsym";
				ENABLE_NS_ASSERTIONS = NO;
				ENABLE_STRICT_OBJC_MSGSEND = YES;
				GCC_C_LANGUAGE_STANDARD = gnu11;
				GCC_NO_COMMON_BLOCKS = YES;
				GCC_WARN_64_TO_32_BIT_CONVERSION = YES;
				GCC_WARN_ABOUT_RETURN_TYPE = YES_ERROR;
				GCC_WARN_UNDECLARED_SELECTOR = YES;
				GCC_WARN_UNINITIALIZED_AUTOS = YES_AGGRESSIVE;
				GCC_WARN_UNUSED_FUNCTION = YES;
				GCC_WARN_UNUSED_VARIABLE = YES;
				IPHONEOS_DEPLOYMENT_TARGET = 16.2;
				MTL_ENABLE_DEBUG_INFO = NO;
				MTL_FAST_MATH = YES;
				SDKROOT = iphoneos;
				SWIFT_COMPILATION_MODE = wholemodule;
				SWIFT_OPTIMIZATION_LEVEL = "-O";
				VALIDATE_PRODUCT = YES;
			};
			name = Release;
		};
		FC584609296676850032B543 /* Debug */ = {
			isa = XCBuildConfiguration;
			buildSettings = {
				ASSETCATALOG_COMPILER_APPICON_NAME = AppIcon;
				ASSETCATALOG_COMPILER_GLOBAL_ACCENT_COLOR_NAME = AccentColor;
				ASSETCATALOG_COMPILER_INCLUDE_ALL_APPICON_ASSETS = YES;
				CODE_SIGN_STYLE = Automatic;
				CURRENT_PROJECT_VERSION = 1;
				DEVELOPMENT_TEAM = 72A3WLN662;
				GENERATE_INFOPLIST_FILE = YES;
				INFOPLIST_FILE = Footi/Info.plist;
				INFOPLIST_KEY_UIApplicationSupportsIndirectInputEvents = YES;
				INFOPLIST_KEY_UILaunchStoryboardName = LaunchScreen.xib;
				INFOPLIST_KEY_UIStatusBarStyle = "";
				INFOPLIST_KEY_UISupportedInterfaceOrientations_iPad = "UIInterfaceOrientationPortrait UIInterfaceOrientationPortraitUpsideDown UIInterfaceOrientationLandscapeLeft UIInterfaceOrientationLandscapeRight";
				INFOPLIST_KEY_UISupportedInterfaceOrientations_iPhone = "UIInterfaceOrientationPortrait UIInterfaceOrientationLandscapeLeft UIInterfaceOrientationLandscapeRight";
				LD_RUNPATH_SEARCH_PATHS = (
					"$(inherited)",
					"@executable_path/Frameworks",
				);
				MARKETING_VERSION = 1.0;
				PRODUCT_BUNDLE_IDENTIFIER = com.pastelsior.Footi;
				PRODUCT_NAME = "$(TARGET_NAME)";
				SWIFT_EMIT_LOC_STRINGS = YES;
				SWIFT_VERSION = 5.0;
				TARGETED_DEVICE_FAMILY = "1,2";
			};
			name = Debug;
		};
		FC58460A296676850032B543 /* Release */ = {
			isa = XCBuildConfiguration;
			buildSettings = {
				ASSETCATALOG_COMPILER_APPICON_NAME = AppIcon;
				ASSETCATALOG_COMPILER_GLOBAL_ACCENT_COLOR_NAME = AccentColor;
				ASSETCATALOG_COMPILER_INCLUDE_ALL_APPICON_ASSETS = YES;
				CODE_SIGN_STYLE = Automatic;
				CURRENT_PROJECT_VERSION = 1;
				DEVELOPMENT_TEAM = 72A3WLN662;
				GENERATE_INFOPLIST_FILE = YES;
				INFOPLIST_FILE = Footi/Info.plist;
				INFOPLIST_KEY_UIApplicationSupportsIndirectInputEvents = YES;
				INFOPLIST_KEY_UILaunchStoryboardName = LaunchScreen.xib;
				INFOPLIST_KEY_UIStatusBarStyle = "";
				INFOPLIST_KEY_UISupportedInterfaceOrientations_iPad = "UIInterfaceOrientationPortrait UIInterfaceOrientationPortraitUpsideDown UIInterfaceOrientationLandscapeLeft UIInterfaceOrientationLandscapeRight";
				INFOPLIST_KEY_UISupportedInterfaceOrientations_iPhone = "UIInterfaceOrientationPortrait UIInterfaceOrientationLandscapeLeft UIInterfaceOrientationLandscapeRight";
				LD_RUNPATH_SEARCH_PATHS = (
					"$(inherited)",
					"@executable_path/Frameworks",
				);
				MARKETING_VERSION = 1.0;
				MTL_ENABLE_DEBUG_INFO = NO;
				PRODUCT_BUNDLE_IDENTIFIER = com.pastelsior.Footi;
				PRODUCT_NAME = "$(TARGET_NAME)";
				SWIFT_EMIT_LOC_STRINGS = YES;
				SWIFT_VERSION = 5.0;
				TARGETED_DEVICE_FAMILY = "1,2";
			};
			name = Release;
		};
/* End XCBuildConfiguration section */

/* Begin XCConfigurationList section */
		FC5845EC296676840032B543 /* Build configuration list for PBXProject "Footi" */ = {
			isa = XCConfigurationList;
			buildConfigurations = (
				FC584606296676850032B543 /* Debug */,
				FC584607296676850032B543 /* Release */,
			);
			defaultConfigurationIsVisible = 0;
			defaultConfigurationName = Release;
		};
		FC584608296676850032B543 /* Build configuration list for PBXNativeTarget "Footi" */ = {
			isa = XCConfigurationList;
			buildConfigurations = (
				FC584609296676850032B543 /* Debug */,
				FC58460A296676850032B543 /* Release */,
			);
			defaultConfigurationIsVisible = 0;
			defaultConfigurationName = Release;
		};
/* End XCConfigurationList section */

/* Begin XCVersionGroup section */
		FCDF1F6E29B3F80F00A6522F /* Footi.xcdatamodeld */ = {
			isa = XCVersionGroup;
			children = (
				FCDF1F6F29B3F80F00A6522F /* Footi.xcdatamodel */,
			);
			currentVersion = FCDF1F6F29B3F80F00A6522F /* Footi.xcdatamodel */;
			path = Footi.xcdatamodeld;
			sourceTree = "<group>";
			versionGroupType = wrapper.xcdatamodel;
		};
/* End XCVersionGroup section */
	};
	rootObject = FC5845E9296676840032B543 /* Project object */;
}
