// !$*UTF8*$!
{
	archiveVersion = 1;
	classes = {
	};
	objectVersion = 56;
	objects = {

/* Begin PBXBuildFile section */
		FC0BB10329DBD08300C07140 /* SettingOptionViewController.swift in Sources */ = {isa = PBXBuildFile; fileRef = FC0BB10229DBD08300C07140 /* SettingOptionViewController.swift */; };
		FC0C64F129DE67AC006F7C8D /* SettingSelectionCell.swift in Sources */ = {isa = PBXBuildFile; fileRef = FC0C64F029DE67AC006F7C8D /* SettingSelectionCell.swift */; };
		FC0DB1F429A6FF8E009E9668 /* Leaders.swift in Sources */ = {isa = PBXBuildFile; fileRef = FC0DB1F329A6FF8E009E9668 /* Leaders.swift */; };
		FC0DB1F729A70932009E9668 /* Club.swift in Sources */ = {isa = PBXBuildFile; fileRef = FC0DB1F629A70932009E9668 /* Club.swift */; };
		FC0DB1F929A71490009E9668 /* HTTPClient.swift in Sources */ = {isa = PBXBuildFile; fileRef = FC0DB1F829A71490009E9668 /* HTTPClient.swift */; };
		FC0DB1FC29A72393009E9668 /* LeaguesEndpoint.swift in Sources */ = {isa = PBXBuildFile; fileRef = FC0DB1FB29A72393009E9668 /* LeaguesEndpoint.swift */; };
		FC0DB1FF29A723CB009E9668 /* LeaguesService.swift in Sources */ = {isa = PBXBuildFile; fileRef = FC0DB1FE29A723CB009E9668 /* LeaguesService.swift */; };
		FC1A061C29D3D80F00A735E4 /* SettingsViewController.swift in Sources */ = {isa = PBXBuildFile; fileRef = FC1A061B29D3D80F00A735E4 /* SettingsViewController.swift */; };
		FC1A061F29D3E26E00A735E4 /* SettingOptionCell.swift in Sources */ = {isa = PBXBuildFile; fileRef = FC1A061E29D3E26E00A735E4 /* SettingOptionCell.swift */; };
		FC1A062129D5340700A735E4 /* SettingGroupHeader.swift in Sources */ = {isa = PBXBuildFile; fileRef = FC1A062029D5340700A735E4 /* SettingGroupHeader.swift */; };
		FC1AC90929A958AA00693DB3 /* StandingsService.swift in Sources */ = {isa = PBXBuildFile; fileRef = FC1AC90829A958AA00693DB3 /* StandingsService.swift */; };
		FC1AC90B29A9A1C700693DB3 /* FixturesService.swift in Sources */ = {isa = PBXBuildFile; fileRef = FC1AC90A29A9A1C700693DB3 /* FixturesService.swift */; };
		FC1AC90D29A9B2B500693DB3 /* LeadersService.swift in Sources */ = {isa = PBXBuildFile; fileRef = FC1AC90C29A9B2B500693DB3 /* LeadersService.swift */; };
		FC36D4B629C66BB5008E1507 /* BaseViewContoller.swift in Sources */ = {isa = PBXBuildFile; fileRef = FC36D4B529C66BB5008E1507 /* BaseViewContoller.swift */; };
		FC36D4BB29C6828F008E1507 /* BaseNavigationController.swift in Sources */ = {isa = PBXBuildFile; fileRef = FC36D4BA29C6828F008E1507 /* BaseNavigationController.swift */; };
		FC39ED3B29C79574001722FC /* LeagueSelectViewController.swift in Sources */ = {isa = PBXBuildFile; fileRef = FC39ED3A29C79574001722FC /* LeagueSelectViewController.swift */; };
		FC42462729F725980056A3F6 /* ClubPositionStackView.swift in Sources */ = {isa = PBXBuildFile; fileRef = FC42462629F725980056A3F6 /* ClubPositionStackView.swift */; };
		FC4817CF2A049BD2003E9FFD /* LeagueHeaderDetails.swift in Sources */ = {isa = PBXBuildFile; fileRef = FC4817CE2A049BD2003E9FFD /* LeagueHeaderDetails.swift */; };
		FC4817D32A049E74003E9FFD /* ClubStanding.swift in Sources */ = {isa = PBXBuildFile; fileRef = FC4817D22A049E74003E9FFD /* ClubStanding.swift */; };
		FC4D8EC929CF8F59002E0CE3 /* LeagueSelectCell.swift in Sources */ = {isa = PBXBuildFile; fileRef = FC4D8EC829CF8F59002E0CE3 /* LeagueSelectCell.swift */; };
		FC5845F5296676840032B543 /* AppDelegate.swift in Sources */ = {isa = PBXBuildFile; fileRef = FC5845F4296676840032B543 /* AppDelegate.swift */; };
		FC5845F7296676840032B543 /* SceneDelegate.swift in Sources */ = {isa = PBXBuildFile; fileRef = FC5845F6296676840032B543 /* SceneDelegate.swift */; };
		FC584601296676850032B543 /* Assets.xcassets in Resources */ = {isa = PBXBuildFile; fileRef = FC584600296676850032B543 /* Assets.xcassets */; };
		FC58460E29668C180032B543 /* Endpoint.swift in Sources */ = {isa = PBXBuildFile; fileRef = FC58460D29668C180032B543 /* Endpoint.swift */; };
		FC58461029668E720032B543 /* RequestMethod.swift in Sources */ = {isa = PBXBuildFile; fileRef = FC58460F29668E720032B543 /* RequestMethod.swift */; };
		FC584612296692190032B543 /* RequestError.swift in Sources */ = {isa = PBXBuildFile; fileRef = FC584611296692190032B543 /* RequestError.swift */; };
		FC5846152966948A0032B543 /* Leagues.swift in Sources */ = {isa = PBXBuildFile; fileRef = FC5846142966948A0032B543 /* Leagues.swift */; };
		FC58461C2967C6F60032B543 /* ApiError.swift in Sources */ = {isa = PBXBuildFile; fileRef = FC58461B2967C6F60032B543 /* ApiError.swift */; };
		FC58461F2967C7CD0032B543 /* ApiPaging.swift in Sources */ = {isa = PBXBuildFile; fileRef = FC58461E2967C7CD0032B543 /* ApiPaging.swift */; };
		FC5846212967C8F00032B543 /* Standings.swift in Sources */ = {isa = PBXBuildFile; fileRef = FC5846202967C8F00032B543 /* Standings.swift */; };
		FC5846232967D3BD0032B543 /* Fixtures.swift in Sources */ = {isa = PBXBuildFile; fileRef = FC5846222967D3BD0032B543 /* Fixtures.swift */; };
		FC5E906129E4EDFB007047F8 /* StandingsTableHeader.swift in Sources */ = {isa = PBXBuildFile; fileRef = FC5E906029E4EDFB007047F8 /* StandingsTableHeader.swift */; };
		FC5E906629E658AE007047F8 /* LeagueHeaderView.swift in Sources */ = {isa = PBXBuildFile; fileRef = FC5E906529E658AE007047F8 /* LeagueHeaderView.swift */; };
		FC5E906929E8EFCC007047F8 /* LeagueDisplayStackView.swift in Sources */ = {isa = PBXBuildFile; fileRef = FC5E906829E8EFCC007047F8 /* LeagueDisplayStackView.swift */; };
		FC5E906B29E8FC8C007047F8 /* LeagueDataFilterDropdown.swift in Sources */ = {isa = PBXBuildFile; fileRef = FC5E906A29E8FC8C007047F8 /* LeagueDataFilterDropdown.swift */; };
		FC6903E029EC7B2C008EEB82 /* LeagueDataFilterViewController.swift in Sources */ = {isa = PBXBuildFile; fileRef = FC6903DF29EC7B2C008EEB82 /* LeagueDataFilterViewController.swift */; };
		FC7D0C4729B2E35F00BC9B46 /* CoreDataContext.swift in Sources */ = {isa = PBXBuildFile; fileRef = FC7D0C4629B2E35F00BC9B46 /* CoreDataContext.swift */; };
		FC7D16E929BE47A9009B408B /* StandingsViewController.swift in Sources */ = {isa = PBXBuildFile; fileRef = FC7D16E829BE47A9009B408B /* StandingsViewController.swift */; };
		FC7D16EB29BE48B1009B408B /* LeadersViewController.swift in Sources */ = {isa = PBXBuildFile; fileRef = FC7D16EA29BE48B1009B408B /* LeadersViewController.swift */; };
		FC7D16ED29BE48CD009B408B /* FixturesViewController.swift in Sources */ = {isa = PBXBuildFile; fileRef = FC7D16EC29BE48CD009B408B /* FixturesViewController.swift */; };
		FC97F82E29FB4FCA00755CFA /* StandingStatTitleCell.swift in Sources */ = {isa = PBXBuildFile; fileRef = FC97F82D29FB4FCA00755CFA /* StandingStatTitleCell.swift */; };
		FC97F83029FB64DB00755CFA /* StandingStatCollectionCell.swift in Sources */ = {isa = PBXBuildFile; fileRef = FC97F82F29FB64DB00755CFA /* StandingStatCollectionCell.swift */; };
		FCA3D13529B6DC4C0038D8A2 /* Date.swift in Sources */ = {isa = PBXBuildFile; fileRef = FCA3D13429B6DC4C0038D8A2 /* Date.swift */; };
		FCB507A329D091E4001CB2C2 /* UIImageView.swift in Sources */ = {isa = PBXBuildFile; fileRef = FCB507A229D091E4001CB2C2 /* UIImageView.swift */; };
		FCB5A44329E37B43009FC8D9 /* StandingsTableCell.swift in Sources */ = {isa = PBXBuildFile; fileRef = FCB5A44229E37B43009FC8D9 /* StandingsTableCell.swift */; };
		FCC31C7329CAAAE30036CF9B /* UIView.swift in Sources */ = {isa = PBXBuildFile; fileRef = FCC31C7229CAAAE30036CF9B /* UIView.swift */; };
		FCC4D1C829BD4ECD00750657 /* HomeTabBarController.swift in Sources */ = {isa = PBXBuildFile; fileRef = FCC4D1C729BD4ECD00750657 /* HomeTabBarController.swift */; };
		FCD5B23B29A85E3B00CAD524 /* FixturesEndpoint.swift in Sources */ = {isa = PBXBuildFile; fileRef = FCD5B23A29A85E3B00CAD524 /* FixturesEndpoint.swift */; };
		FCD5B23D29A8638B00CAD524 /* LeadersEndpoint.swift in Sources */ = {isa = PBXBuildFile; fileRef = FCD5B23C29A8638B00CAD524 /* LeadersEndpoint.swift */; };
		FCDF1F7029B3F80F00A6522F /* Footi.xcdatamodeld in Sources */ = {isa = PBXBuildFile; fileRef = FCDF1F6E29B3F80F00A6522F /* Footi.xcdatamodeld */; };
		FCEA7C1629B05E29008DA3A7 /* UserDefaultsContext.swift in Sources */ = {isa = PBXBuildFile; fileRef = FCEA7C1529B05E29008DA3A7 /* UserDefaultsContext.swift */; };
		FCF2147B29C157A30031E0D6 /* MenuViewController.swift in Sources */ = {isa = PBXBuildFile; fileRef = FCF2147A29C157A30031E0D6 /* MenuViewController.swift */; };
		FCF96E1329D68A0800FA82EF /* UIColor.swift in Sources */ = {isa = PBXBuildFile; fileRef = FCF96E1229D68A0800FA82EF /* UIColor.swift */; };
		FCF99AC229EE2F2300BB8E5A /* LeagueDataFilterTableCell.swift in Sources */ = {isa = PBXBuildFile; fileRef = FCF99AC129EE2F2300BB8E5A /* LeagueDataFilterTableCell.swift */; };
		FCFBBC5829A7C96700A0D2FB /* StandingsEndpoint.swift in Sources */ = {isa = PBXBuildFile; fileRef = FCFBBC5729A7C96700A0D2FB /* StandingsEndpoint.swift */; };
/* End PBXBuildFile section */

/* Begin PBXFileReference section */
		FC0BB10229DBD08300C07140 /* SettingOptionViewController.swift */ = {isa = PBXFileReference; lastKnownFileType = sourcecode.swift; path = SettingOptionViewController.swift; sourceTree = "<group>"; };
		FC0C64F029DE67AC006F7C8D /* SettingSelectionCell.swift */ = {isa = PBXFileReference; lastKnownFileType = sourcecode.swift; path = SettingSelectionCell.swift; sourceTree = "<group>"; };
		FC0DB1F329A6FF8E009E9668 /* Leaders.swift */ = {isa = PBXFileReference; lastKnownFileType = sourcecode.swift; path = Leaders.swift; sourceTree = "<group>"; };
		FC0DB1F629A70932009E9668 /* Club.swift */ = {isa = PBXFileReference; lastKnownFileType = sourcecode.swift; path = Club.swift; sourceTree = "<group>"; };
		FC0DB1F829A71490009E9668 /* HTTPClient.swift */ = {isa = PBXFileReference; lastKnownFileType = sourcecode.swift; path = HTTPClient.swift; sourceTree = "<group>"; };
		FC0DB1FB29A72393009E9668 /* LeaguesEndpoint.swift */ = {isa = PBXFileReference; lastKnownFileType = sourcecode.swift; path = LeaguesEndpoint.swift; sourceTree = "<group>"; };
		FC0DB1FE29A723CB009E9668 /* LeaguesService.swift */ = {isa = PBXFileReference; lastKnownFileType = sourcecode.swift; path = LeaguesService.swift; sourceTree = "<group>"; };
		FC1A061B29D3D80F00A735E4 /* SettingsViewController.swift */ = {isa = PBXFileReference; lastKnownFileType = sourcecode.swift; path = SettingsViewController.swift; sourceTree = "<group>"; };
		FC1A061E29D3E26E00A735E4 /* SettingOptionCell.swift */ = {isa = PBXFileReference; lastKnownFileType = sourcecode.swift; path = SettingOptionCell.swift; sourceTree = "<group>"; };
		FC1A062029D5340700A735E4 /* SettingGroupHeader.swift */ = {isa = PBXFileReference; lastKnownFileType = sourcecode.swift; path = SettingGroupHeader.swift; sourceTree = "<group>"; };
		FC1AC90829A958AA00693DB3 /* StandingsService.swift */ = {isa = PBXFileReference; lastKnownFileType = sourcecode.swift; path = StandingsService.swift; sourceTree = "<group>"; };
		FC1AC90A29A9A1C700693DB3 /* FixturesService.swift */ = {isa = PBXFileReference; lastKnownFileType = sourcecode.swift; path = FixturesService.swift; sourceTree = "<group>"; };
		FC1AC90C29A9B2B500693DB3 /* LeadersService.swift */ = {isa = PBXFileReference; lastKnownFileType = sourcecode.swift; path = LeadersService.swift; sourceTree = "<group>"; };
		FC36D4B529C66BB5008E1507 /* BaseViewContoller.swift */ = {isa = PBXFileReference; lastKnownFileType = sourcecode.swift; path = BaseViewContoller.swift; sourceTree = "<group>"; };
		FC36D4BA29C6828F008E1507 /* BaseNavigationController.swift */ = {isa = PBXFileReference; lastKnownFileType = sourcecode.swift; path = BaseNavigationController.swift; sourceTree = "<group>"; };
		FC39ED3A29C79574001722FC /* LeagueSelectViewController.swift */ = {isa = PBXFileReference; lastKnownFileType = sourcecode.swift; path = LeagueSelectViewController.swift; sourceTree = "<group>"; };
		FC42462629F725980056A3F6 /* ClubPositionStackView.swift */ = {isa = PBXFileReference; lastKnownFileType = sourcecode.swift; path = ClubPositionStackView.swift; sourceTree = "<group>"; };
		FC4817CE2A049BD2003E9FFD /* LeagueHeaderDetails.swift */ = {isa = PBXFileReference; lastKnownFileType = sourcecode.swift; path = LeagueHeaderDetails.swift; sourceTree = "<group>"; };
		FC4817D22A049E74003E9FFD /* ClubStanding.swift */ = {isa = PBXFileReference; lastKnownFileType = sourcecode.swift; path = ClubStanding.swift; sourceTree = "<group>"; };
		FC4D8EC829CF8F59002E0CE3 /* LeagueSelectCell.swift */ = {isa = PBXFileReference; lastKnownFileType = sourcecode.swift; path = LeagueSelectCell.swift; sourceTree = "<group>"; };
		FC5845F1296676840032B543 /* Footi.app */ = {isa = PBXFileReference; explicitFileType = wrapper.application; includeInIndex = 0; path = Footi.app; sourceTree = BUILT_PRODUCTS_DIR; };
		FC5845F4296676840032B543 /* AppDelegate.swift */ = {isa = PBXFileReference; lastKnownFileType = sourcecode.swift; path = AppDelegate.swift; sourceTree = "<group>"; };
		FC5845F6296676840032B543 /* SceneDelegate.swift */ = {isa = PBXFileReference; lastKnownFileType = sourcecode.swift; path = SceneDelegate.swift; sourceTree = "<group>"; };
		FC584600296676850032B543 /* Assets.xcassets */ = {isa = PBXFileReference; lastKnownFileType = folder.assetcatalog; path = Assets.xcassets; sourceTree = "<group>"; };
		FC584605296676850032B543 /* Info.plist */ = {isa = PBXFileReference; lastKnownFileType = text.plist.xml; path = Info.plist; sourceTree = "<group>"; };
		FC58460D29668C180032B543 /* Endpoint.swift */ = {isa = PBXFileReference; lastKnownFileType = sourcecode.swift; path = Endpoint.swift; sourceTree = "<group>"; };
		FC58460F29668E720032B543 /* RequestMethod.swift */ = {isa = PBXFileReference; lastKnownFileType = sourcecode.swift; path = RequestMethod.swift; sourceTree = "<group>"; };
		FC584611296692190032B543 /* RequestError.swift */ = {isa = PBXFileReference; lastKnownFileType = sourcecode.swift; path = RequestError.swift; sourceTree = "<group>"; };
		FC5846142966948A0032B543 /* Leagues.swift */ = {isa = PBXFileReference; lastKnownFileType = sourcecode.swift; path = Leagues.swift; sourceTree = "<group>"; };
		FC58461B2967C6F60032B543 /* ApiError.swift */ = {isa = PBXFileReference; lastKnownFileType = sourcecode.swift; path = ApiError.swift; sourceTree = "<group>"; };
		FC58461E2967C7CD0032B543 /* ApiPaging.swift */ = {isa = PBXFileReference; lastKnownFileType = sourcecode.swift; path = ApiPaging.swift; sourceTree = "<group>"; };
		FC5846202967C8F00032B543 /* Standings.swift */ = {isa = PBXFileReference; lastKnownFileType = sourcecode.swift; path = Standings.swift; sourceTree = "<group>"; };
		FC5846222967D3BD0032B543 /* Fixtures.swift */ = {isa = PBXFileReference; lastKnownFileType = sourcecode.swift; path = Fixtures.swift; sourceTree = "<group>"; };
		FC5E906029E4EDFB007047F8 /* StandingsTableHeader.swift */ = {isa = PBXFileReference; lastKnownFileType = sourcecode.swift; path = StandingsTableHeader.swift; sourceTree = "<group>"; };
		FC5E906529E658AE007047F8 /* LeagueHeaderView.swift */ = {isa = PBXFileReference; lastKnownFileType = sourcecode.swift; path = LeagueHeaderView.swift; sourceTree = "<group>"; };
		FC5E906829E8EFCC007047F8 /* LeagueDisplayStackView.swift */ = {isa = PBXFileReference; lastKnownFileType = sourcecode.swift; path = LeagueDisplayStackView.swift; sourceTree = "<group>"; };
		FC5E906A29E8FC8C007047F8 /* LeagueDataFilterDropdown.swift */ = {isa = PBXFileReference; lastKnownFileType = sourcecode.swift; path = LeagueDataFilterDropdown.swift; sourceTree = "<group>"; };
		FC6903DF29EC7B2C008EEB82 /* LeagueDataFilterViewController.swift */ = {isa = PBXFileReference; lastKnownFileType = sourcecode.swift; path = LeagueDataFilterViewController.swift; sourceTree = "<group>"; };
		FC7D0C4629B2E35F00BC9B46 /* CoreDataContext.swift */ = {isa = PBXFileReference; lastKnownFileType = sourcecode.swift; path = CoreDataContext.swift; sourceTree = "<group>"; };
		FC7D16E829BE47A9009B408B /* StandingsViewController.swift */ = {isa = PBXFileReference; lastKnownFileType = sourcecode.swift; path = StandingsViewController.swift; sourceTree = "<group>"; };
		FC7D16EA29BE48B1009B408B /* LeadersViewController.swift */ = {isa = PBXFileReference; lastKnownFileType = sourcecode.swift; path = LeadersViewController.swift; sourceTree = "<group>"; };
		FC7D16EC29BE48CD009B408B /* FixturesViewController.swift */ = {isa = PBXFileReference; lastKnownFileType = sourcecode.swift; path = FixturesViewController.swift; sourceTree = "<group>"; };
		FC97F82D29FB4FCA00755CFA /* StandingStatTitleCell.swift */ = {isa = PBXFileReference; lastKnownFileType = sourcecode.swift; path = StandingStatTitleCell.swift; sourceTree = "<group>"; };
		FC97F82F29FB64DB00755CFA /* StandingStatCollectionCell.swift */ = {isa = PBXFileReference; lastKnownFileType = sourcecode.swift; path = StandingStatCollectionCell.swift; sourceTree = "<group>"; };
		FCA3D13429B6DC4C0038D8A2 /* Date.swift */ = {isa = PBXFileReference; lastKnownFileType = sourcecode.swift; path = Date.swift; sourceTree = "<group>"; };
		FCB507A229D091E4001CB2C2 /* UIImageView.swift */ = {isa = PBXFileReference; lastKnownFileType = sourcecode.swift; path = UIImageView.swift; sourceTree = "<group>"; };
		FCB5A44229E37B43009FC8D9 /* StandingsTableCell.swift */ = {isa = PBXFileReference; lastKnownFileType = sourcecode.swift; path = StandingsTableCell.swift; sourceTree = "<group>"; };
		FCC31C7229CAAAE30036CF9B /* UIView.swift */ = {isa = PBXFileReference; lastKnownFileType = sourcecode.swift; path = UIView.swift; sourceTree = "<group>"; };
		FCC4D1C729BD4ECD00750657 /* HomeTabBarController.swift */ = {isa = PBXFileReference; lastKnownFileType = sourcecode.swift; path = HomeTabBarController.swift; sourceTree = "<group>"; };
		FCD5B23A29A85E3B00CAD524 /* FixturesEndpoint.swift */ = {isa = PBXFileReference; lastKnownFileType = sourcecode.swift; path = FixturesEndpoint.swift; sourceTree = "<group>"; };
		FCD5B23C29A8638B00CAD524 /* LeadersEndpoint.swift */ = {isa = PBXFileReference; lastKnownFileType = sourcecode.swift; path = LeadersEndpoint.swift; sourceTree = "<group>"; };
		FCDF1F6F29B3F80F00A6522F /* Footi.xcdatamodel */ = {isa = PBXFileReference; lastKnownFileType = wrapper.xcdatamodel; path = Footi.xcdatamodel; sourceTree = "<group>"; };
		FCEA7C1529B05E29008DA3A7 /* UserDefaultsContext.swift */ = {isa = PBXFileReference; lastKnownFileType = sourcecode.swift; path = UserDefaultsContext.swift; sourceTree = "<group>"; };
		FCF2147A29C157A30031E0D6 /* MenuViewController.swift */ = {isa = PBXFileReference; lastKnownFileType = sourcecode.swift; path = MenuViewController.swift; sourceTree = "<group>"; };
		FCF96E1229D68A0800FA82EF /* UIColor.swift */ = {isa = PBXFileReference; lastKnownFileType = sourcecode.swift; path = UIColor.swift; sourceTree = "<group>"; };
		FCF99AC129EE2F2300BB8E5A /* LeagueDataFilterTableCell.swift */ = {isa = PBXFileReference; lastKnownFileType = sourcecode.swift; path = LeagueDataFilterTableCell.swift; sourceTree = "<group>"; };
		FCFBBC5729A7C96700A0D2FB /* StandingsEndpoint.swift */ = {isa = PBXFileReference; lastKnownFileType = sourcecode.swift; path = StandingsEndpoint.swift; sourceTree = "<group>"; };
/* End PBXFileReference section */

/* Begin PBXFrameworksBuildPhase section */
		FC5845EE296676840032B543 /* Frameworks */ = {
			isa = PBXFrameworksBuildPhase;
			buildActionMask = 2147483647;
			files = (
			);
			runOnlyForDeploymentPostprocessing = 0;
		};
/* End PBXFrameworksBuildPhase section */

/* Begin PBXGroup section */
		FC0DB1F529A708C7009E9668 /* API */ = {
			isa = PBXGroup;
			children = (
				FC58461B2967C6F60032B543 /* ApiError.swift */,
				FC58461E2967C7CD0032B543 /* ApiPaging.swift */,
			);
			path = API;
			sourceTree = "<group>";
		};
		FC32391E2A04AAF1006429A8 /* StandingsTableHeader */ = {
			isa = PBXGroup;
			children = (
				FC5E906029E4EDFB007047F8 /* StandingsTableHeader.swift */,
				FC97F82D29FB4FCA00755CFA /* StandingStatTitleCell.swift */,
			);
			path = StandingsTableHeader;
			sourceTree = "<group>";
		};
		FC36D4B429C66B9E008E1507 /* Base */ = {
			isa = PBXGroup;
			children = (
				FC4AAF3729F4763100736DBE /* Controller */,
			);
			path = Base;
			sourceTree = "<group>";
		};
		FC39ED3629C782A2001722FC /* Utilities */ = {
			isa = PBXGroup;
			children = (
				FCA3D13329B6DC3F0038D8A2 /* Extensions */,
				FC39ED3829C78393001722FC /* Stores */,
			);
			path = Utilities;
			sourceTree = "<group>";
		};
		FC39ED3829C78393001722FC /* Stores */ = {
			isa = PBXGroup;
			children = (
				FCEA7C1529B05E29008DA3A7 /* UserDefaultsContext.swift */,
				FC7D0C4629B2E35F00BC9B46 /* CoreDataContext.swift */,
				FCDF1F6E29B3F80F00A6522F /* Footi.xcdatamodeld */,
			);
			path = Stores;
			sourceTree = "<group>";
		};
		FC4817CD2A049ACA003E9FFD /* Model */ = {
			isa = PBXGroup;
			children = (
				FC4817CE2A049BD2003E9FFD /* LeagueHeaderDetails.swift */,
			);
			path = Model;
			sourceTree = "<group>";
		};
		FC4817D02A049E3A003E9FFD /* Services */ = {
			isa = PBXGroup;
			children = (
				FC1AC90A29A9A1C700693DB3 /* FixturesService.swift */,
				FC1AC90C29A9B2B500693DB3 /* LeadersService.swift */,
				FC0DB1FE29A723CB009E9668 /* LeaguesService.swift */,
				FC1AC90829A958AA00693DB3 /* StandingsService.swift */,
			);
			path = Services;
			sourceTree = "<group>";
		};
		FC4817D12A049E55003E9FFD /* Endpoints */ = {
			isa = PBXGroup;
			children = (
				FCD5B23A29A85E3B00CAD524 /* FixturesEndpoint.swift */,
				FCD5B23C29A8638B00CAD524 /* LeadersEndpoint.swift */,
				FC0DB1FB29A72393009E9668 /* LeaguesEndpoint.swift */,
				FCFBBC5729A7C96700A0D2FB /* StandingsEndpoint.swift */,
			);
			path = Endpoints;
			sourceTree = "<group>";
		};
		FC4817D42A04A9E2003E9FFD /* StandingsTableCell */ = {
			isa = PBXGroup;
			children = (
				FCB5A44229E37B43009FC8D9 /* StandingsTableCell.swift */,
				FC42462629F725980056A3F6 /* ClubPositionStackView.swift */,
				FC97F82F29FB64DB00755CFA /* StandingStatCollectionCell.swift */,
			);
			path = StandingsTableCell;
			sourceTree = "<group>";
		};
		FC4AAF3629F4760B00736DBE /* View */ = {
			isa = PBXGroup;
			children = (
				FCF99AC129EE2F2300BB8E5A /* LeagueDataFilterTableCell.swift */,
			);
			path = View;
			sourceTree = "<group>";
		};
		FC4AAF3729F4763100736DBE /* Controller */ = {
			isa = PBXGroup;
			children = (
				FC36D4B529C66BB5008E1507 /* BaseViewContoller.swift */,
				FC36D4BA29C6828F008E1507 /* BaseNavigationController.swift */,
			);
			path = Controller;
			sourceTree = "<group>";
		};
		FC4AAF3829F4768D00736DBE /* LeagueHeader */ = {
			isa = PBXGroup;
			children = (
				FC4817CD2A049ACA003E9FFD /* Model */,
				FC4AAF3929F476A300736DBE /* View */,
			);
			path = LeagueHeader;
			sourceTree = "<group>";
		};
		FC4AAF3929F476A300736DBE /* View */ = {
			isa = PBXGroup;
			children = (
				FC5E906A29E8FC8C007047F8 /* LeagueDataFilterDropdown.swift */,
				FC5E906829E8EFCC007047F8 /* LeagueDisplayStackView.swift */,
				FC5E906529E658AE007047F8 /* LeagueHeaderView.swift */,
			);
			path = View;
			sourceTree = "<group>";
		};
		FC4AAF3A29F476DA00736DBE /* Controller */ = {
			isa = PBXGroup;
			children = (
				FCC4D1C729BD4ECD00750657 /* HomeTabBarController.swift */,
			);
			path = Controller;
			sourceTree = "<group>";
		};
		FC4AAF3E29F4789A00736DBE /* View */ = {
			isa = PBXGroup;
			children = (
				FC32391E2A04AAF1006429A8 /* StandingsTableHeader */,
				FC4817D42A04A9E2003E9FFD /* StandingsTableCell */,
			);
			path = View;
			sourceTree = "<group>";
		};
		FC4AAF3F29F479DC00736DBE /* Controller */ = {
			isa = PBXGroup;
			children = (
				FCF2147A29C157A30031E0D6 /* MenuViewController.swift */,
				FC39ED3A29C79574001722FC /* LeagueSelectViewController.swift */,
			);
			path = Controller;
			sourceTree = "<group>";
		};
		FC4AAF4129F47AC000736DBE /* Controller */ = {
			isa = PBXGroup;
			children = (
				FC7D16EC29BE48CD009B408B /* FixturesViewController.swift */,
			);
			path = Controller;
			sourceTree = "<group>";
		};
		FC4AAF4229F47ADF00736DBE /* Controller */ = {
			isa = PBXGroup;
			children = (
				FC7D16EA29BE48B1009B408B /* LeadersViewController.swift */,
			);
			path = Controller;
			sourceTree = "<group>";
		};
		FC4AAF4329F47B0000736DBE /* Settings */ = {
			isa = PBXGroup;
			children = (
				FC4AAF4529F47EB300736DBE /* View */,
				FC4AAF4429F47EA300736DBE /* Controller */,
			);
			path = Settings;
			sourceTree = "<group>";
		};
		FC4AAF4429F47EA300736DBE /* Controller */ = {
			isa = PBXGroup;
			children = (
				FC0BB10229DBD08300C07140 /* SettingOptionViewController.swift */,
				FC1A061B29D3D80F00A735E4 /* SettingsViewController.swift */,
			);
			path = Controller;
			sourceTree = "<group>";
		};
		FC4AAF4529F47EB300736DBE /* View */ = {
			isa = PBXGroup;
			children = (
				FC1A062029D5340700A735E4 /* SettingGroupHeader.swift */,
				FC1A061E29D3E26E00A735E4 /* SettingOptionCell.swift */,
				FC0C64F029DE67AC006F7C8D /* SettingSelectionCell.swift */,
			);
			path = View;
			sourceTree = "<group>";
		};
		FC4AAF4E29F4823900736DBE /* Controller */ = {
			isa = PBXGroup;
			children = (
				FC7D16E829BE47A9009B408B /* StandingsViewController.swift */,
			);
			path = Controller;
			sourceTree = "<group>";
		};
		FC4AAF4F29F4834100736DBE /* View */ = {
			isa = PBXGroup;
			children = (
				FC4D8EC829CF8F59002E0CE3 /* LeagueSelectCell.swift */,
			);
			path = View;
			sourceTree = "<group>";
		};
		FC4AAF5029F483A200736DBE /* Controller */ = {
			isa = PBXGroup;
			children = (
				FC6903DF29EC7B2C008EEB82 /* LeagueDataFilterViewController.swift */,
			);
			path = Controller;
			sourceTree = "<group>";
		};
		FC4AAF5129F483DA00736DBE /* Components */ = {
			isa = PBXGroup;
			children = (
				FC36D4B429C66B9E008E1507 /* Base */,
				FC7D16E329BE46A7009B408B /* Home */,
				FC7D16E429BE46C0009B408B /* Standings */,
				FC7D16E529BE46CB009B408B /* Fixtures */,
				FC7D16E629BE4705009B408B /* Leaders */,
				FC7D16E729BE4758009B408B /* Menu */,
				FC4AAF4329F47B0000736DBE /* Settings */,
				FC6903DB29EC7869008EEB82 /* Shared */,
			);
			path = Components;
			sourceTree = "<group>";
		};
		FC4AAF5229F484D800736DBE /* Model */ = {
			isa = PBXGroup;
			children = (
				FC4817D22A049E74003E9FFD /* ClubStanding.swift */,
			);
			path = Model;
			sourceTree = "<group>";
		};
		FC5845E8296676840032B543 = {
			isa = PBXGroup;
			children = (
				FC5845F3296676840032B543 /* Footi */,
				FC5845F2296676840032B543 /* Products */,
			);
			sourceTree = "<group>";
		};
		FC5845F2296676840032B543 /* Products */ = {
			isa = PBXGroup;
			children = (
				FC5845F1296676840032B543 /* Footi.app */,
			);
			name = Products;
			sourceTree = "<group>";
		};
		FC5845F3296676840032B543 /* Footi */ = {
			isa = PBXGroup;
			children = (
				FC584605296676850032B543 /* Info.plist */,
				FC5845F4296676840032B543 /* AppDelegate.swift */,
				FC5845F6296676840032B543 /* SceneDelegate.swift */,
				FC584600296676850032B543 /* Assets.xcassets */,
				FC4AAF5129F483DA00736DBE /* Components */,
				FC58460B29668BFD0032B543 /* Network */,
				FC39ED3629C782A2001722FC /* Utilities */,
			);
			path = Footi;
			sourceTree = "<group>";
		};
		FC58460B29668BFD0032B543 /* Network */ = {
			isa = PBXGroup;
			children = (
				FC4817D12A049E55003E9FFD /* Endpoints */,
				FC58460C29668C090032B543 /* Base */,
				FC9048D829B84613006B0AA3 /* Models */,
				FC4817D02A049E3A003E9FFD /* Services */,
			);
			path = Network;
			sourceTree = "<group>";
		};
		FC58460C29668C090032B543 /* Base */ = {
			isa = PBXGroup;
			children = (
				FC58460D29668C180032B543 /* Endpoint.swift */,
				FC0DB1F829A71490009E9668 /* HTTPClient.swift */,
				FC584611296692190032B543 /* RequestError.swift */,
				FC58460F29668E720032B543 /* RequestMethod.swift */,
			);
			path = Base;
			sourceTree = "<group>";
		};
		FC63538229EF774E001B3BDC /* LeagueDataFilter */ = {
			isa = PBXGroup;
			children = (
				FC4AAF3629F4760B00736DBE /* View */,
				FC4AAF5029F483A200736DBE /* Controller */,
			);
			path = LeagueDataFilter;
			sourceTree = "<group>";
		};
		FC6903DB29EC7869008EEB82 /* Shared */ = {
			isa = PBXGroup;
			children = (
				FC4AAF3829F4768D00736DBE /* LeagueHeader */,
				FC63538229EF774E001B3BDC /* LeagueDataFilter */,
			);
			path = Shared;
			sourceTree = "<group>";
		};
		FC7D16E329BE46A7009B408B /* Home */ = {
			isa = PBXGroup;
			children = (
				FC4AAF3A29F476DA00736DBE /* Controller */,
			);
			path = Home;
			sourceTree = "<group>";
		};
		FC7D16E429BE46C0009B408B /* Standings */ = {
			isa = PBXGroup;
			children = (
				FC4AAF5229F484D800736DBE /* Model */,
				FC4AAF3E29F4789A00736DBE /* View */,
				FC4AAF4E29F4823900736DBE /* Controller */,
			);
			path = Standings;
			sourceTree = "<group>";
		};
		FC7D16E529BE46CB009B408B /* Fixtures */ = {
			isa = PBXGroup;
			children = (
				FC4AAF4129F47AC000736DBE /* Controller */,
			);
			path = Fixtures;
			sourceTree = "<group>";
		};
		FC7D16E629BE4705009B408B /* Leaders */ = {
			isa = PBXGroup;
			children = (
				FC4AAF4229F47ADF00736DBE /* Controller */,
			);
			path = Leaders;
			sourceTree = "<group>";
		};
		FC7D16E729BE4758009B408B /* Menu */ = {
			isa = PBXGroup;
			children = (
				FC4AAF4F29F4834100736DBE /* View */,
				FC4AAF3F29F479DC00736DBE /* Controller */,
			);
			path = Menu;
			sourceTree = "<group>";
		};
		FC9048D829B84613006B0AA3 /* Models */ = {
			isa = PBXGroup;
			children = (
				FC0DB1F629A70932009E9668 /* Club.swift */,
				FC5846222967D3BD0032B543 /* Fixtures.swift */,
				FC0DB1F329A6FF8E009E9668 /* Leaders.swift */,
				FC5846142966948A0032B543 /* Leagues.swift */,
				FC5846202967C8F00032B543 /* Standings.swift */,
				FC0DB1F529A708C7009E9668 /* API */,
			);
			path = Models;
			sourceTree = "<group>";
		};
		FCA3D13329B6DC3F0038D8A2 /* Extensions */ = {
			isa = PBXGroup;
			children = (
				FCA3D13429B6DC4C0038D8A2 /* Date.swift */,
				FCF96E1229D68A0800FA82EF /* UIColor.swift */,
				FCB507A229D091E4001CB2C2 /* UIImageView.swift */,
				FCC31C7229CAAAE30036CF9B /* UIView.swift */,
			);
			path = Extensions;
			sourceTree = "<group>";
		};
/* End PBXGroup section */

/* Begin PBXNativeTarget section */
		FC5845F0296676840032B543 /* Footi */ = {
			isa = PBXNativeTarget;
			buildConfigurationList = FC584608296676850032B543 /* Build configuration list for PBXNativeTarget "Footi" */;
			buildPhases = (
				FC5845ED296676840032B543 /* Sources */,
				FC5845EE296676840032B543 /* Frameworks */,
				FC5845EF296676840032B543 /* Resources */,
			);
			buildRules = (
			);
			dependencies = (
			);
			name = Footi;
			productName = Footi;
			productReference = FC5845F1296676840032B543 /* Footi.app */;
			productType = "com.apple.product-type.application";
		};
/* End PBXNativeTarget section */

/* Begin PBXProject section */
		FC5845E9296676840032B543 /* Project object */ = {
			isa = PBXProject;
			attributes = {
				BuildIndependentTargetsInParallel = 1;
				LastSwiftUpdateCheck = 1420;
				LastUpgradeCheck = 1420;
				TargetAttributes = {
					FC5845F0296676840032B543 = {
						CreatedOnToolsVersion = 14.2;
					};
				};
			};
			buildConfigurationList = FC5845EC296676840032B543 /* Build configuration list for PBXProject "Footi" */;
			compatibilityVersion = "Xcode 14.0";
			developmentRegion = en;
			hasScannedForEncodings = 0;
			knownRegions = (
				en,
				Base,
			);
			mainGroup = FC5845E8296676840032B543;
			productRefGroup = FC5845F2296676840032B543 /* Products */;
			projectDirPath = "";
			projectRoot = "";
			targets = (
				FC5845F0296676840032B543 /* Footi */,
			);
		};
/* End PBXProject section */

/* Begin PBXResourcesBuildPhase section */
		FC5845EF296676840032B543 /* Resources */ = {
			isa = PBXResourcesBuildPhase;
			buildActionMask = 2147483647;
			files = (
				FC584601296676850032B543 /* Assets.xcassets in Resources */,
			);
			runOnlyForDeploymentPostprocessing = 0;
		};
/* End PBXResourcesBuildPhase section */

/* Begin PBXSourcesBuildPhase section */
		FC5845ED296676840032B543 /* Sources */ = {
			isa = PBXSourcesBuildPhase;
			buildActionMask = 2147483647;
			files = (
				FC42462729F725980056A3F6 /* ClubPositionStackView.swift in Sources */,
				FC584612296692190032B543 /* RequestError.swift in Sources */,
				FCF96E1329D68A0800FA82EF /* UIColor.swift in Sources */,
				FC1AC90929A958AA00693DB3 /* StandingsService.swift in Sources */,
				FC5845F5296676840032B543 /* AppDelegate.swift in Sources */,
				FC0DB1FF29A723CB009E9668 /* LeaguesService.swift in Sources */,
				FC1AC90D29A9B2B500693DB3 /* LeadersService.swift in Sources */,
				FC1AC90B29A9A1C700693DB3 /* FixturesService.swift in Sources */,
				FCF2147B29C157A30031E0D6 /* MenuViewController.swift in Sources */,
				FC0DB1F729A70932009E9668 /* Club.swift in Sources */,
				FC5845F7296676840032B543 /* SceneDelegate.swift in Sources */,
				FC0BB10329DBD08300C07140 /* SettingOptionViewController.swift in Sources */,
				FCC31C7329CAAAE30036CF9B /* UIView.swift in Sources */,
				FC36D4BB29C6828F008E1507 /* BaseNavigationController.swift in Sources */,
				FC7D0C4729B2E35F00BC9B46 /* CoreDataContext.swift in Sources */,
				FC5846212967C8F00032B543 /* Standings.swift in Sources */,
				FCFBBC5829A7C96700A0D2FB /* StandingsEndpoint.swift in Sources */,
				FC5E906129E4EDFB007047F8 /* StandingsTableHeader.swift in Sources */,
				FCB507A329D091E4001CB2C2 /* UIImageView.swift in Sources */,
				FC5E906B29E8FC8C007047F8 /* LeagueDataFilterDropdown.swift in Sources */,
				FC36D4B629C66BB5008E1507 /* BaseViewContoller.swift in Sources */,
				FC0DB1FC29A72393009E9668 /* LeaguesEndpoint.swift in Sources */,
				FC6903E029EC7B2C008EEB82 /* LeagueDataFilterViewController.swift in Sources */,
				FC58461029668E720032B543 /* RequestMethod.swift in Sources */,
				FCC4D1C829BD4ECD00750657 /* HomeTabBarController.swift in Sources */,
				FC1A062129D5340700A735E4 /* SettingGroupHeader.swift in Sources */,
				FC5E906629E658AE007047F8 /* LeagueHeaderView.swift in Sources */,
				FC39ED3B29C79574001722FC /* LeagueSelectViewController.swift in Sources */,
				FC1A061F29D3E26E00A735E4 /* SettingOptionCell.swift in Sources */,
				FC5E906929E8EFCC007047F8 /* LeagueDisplayStackView.swift in Sources */,
				FC5846152966948A0032B543 /* Leagues.swift in Sources */,
				FC7D16EB29BE48B1009B408B /* LeadersViewController.swift in Sources */,
				FC1A061C29D3D80F00A735E4 /* SettingsViewController.swift in Sources */,
				FCA3D13529B6DC4C0038D8A2 /* Date.swift in Sources */,
				FC58460E29668C180032B543 /* Endpoint.swift in Sources */,
				FC7D16E929BE47A9009B408B /* StandingsViewController.swift in Sources */,
				FC97F83029FB64DB00755CFA /* StandingStatCollectionCell.swift in Sources */,
				FC4817CF2A049BD2003E9FFD /* LeagueHeaderDetails.swift in Sources */,
				FCD5B23D29A8638B00CAD524 /* LeadersEndpoint.swift in Sources */,
				FCDF1F7029B3F80F00A6522F /* Footi.xcdatamodeld in Sources */,
				FCF99AC229EE2F2300BB8E5A /* LeagueDataFilterTableCell.swift in Sources */,
				FC97F82E29FB4FCA00755CFA /* StandingStatTitleCell.swift in Sources */,
				FCD5B23B29A85E3B00CAD524 /* FixturesEndpoint.swift in Sources */,
				FCEA7C1629B05E29008DA3A7 /* UserDefaultsContext.swift in Sources */,
				FC58461F2967C7CD0032B543 /* ApiPaging.swift in Sources */,
				FC0C64F129DE67AC006F7C8D /* SettingSelectionCell.swift in Sources */,
				FCB5A44329E37B43009FC8D9 /* StandingsTableCell.swift in Sources */,
				FC0DB1F929A71490009E9668 /* HTTPClient.swift in Sources */,
				FC7D16ED29BE48CD009B408B /* FixturesViewController.swift in Sources */,
				FC4817D32A049E74003E9FFD /* ClubStanding.swift in Sources */,
				FC0DB1F429A6FF8E009E9668 /* Leaders.swift in Sources */,
				FC58461C2967C6F60032B543 /* ApiError.swift in Sources */,
				FC4D8EC929CF8F59002E0CE3 /* LeagueSelectCell.swift in Sources */,
				FC5846232967D3BD0032B543 /* Fixtures.swift in Sources */,
			);
			runOnlyForDeploymentPostprocessing = 0;
		};
/* End PBXSourcesBuildPhase section */

/* Begin XCBuildConfiguration section */
		FC584606296676850032B543 /* Debug */ = {
			isa = XCBuildConfiguration;
			buildSettings = {
				ALWAYS_SEARCH_USER_PATHS = NO;
				CLANG_ANALYZER_NONNULL = YES;
				CLANG_ANALYZER_NUMBER_OBJECT_CONVERSION = YES_AGGRESSIVE;
				CLANG_CXX_LANGUAGE_STANDARD = "gnu++20";
				CLANG_ENABLE_MODULES = YES;
				CLANG_ENABLE_OBJC_ARC = YES;
				CLANG_ENABLE_OBJC_WEAK = YES;
				CLANG_WARN_BLOCK_CAPTURE_AUTORELEASING = YES;
				CLANG_WARN_BOOL_CONVERSION = YES;
				CLANG_WARN_COMMA = YES;
				CLANG_WARN_CONSTANT_CONVERSION = YES;
				CLANG_WARN_DEPRECATED_OBJC_IMPLEMENTATIONS = YES;
				CLANG_WARN_DIRECT_OBJC_ISA_USAGE = YES_ERROR;
				CLANG_WARN_DOCUMENTATION_COMMENTS = YES;
				CLANG_WARN_EMPTY_BODY = YES;
				CLANG_WARN_ENUM_CONVERSION = YES;
				CLANG_WARN_INFINITE_RECURSION = YES;
				CLANG_WARN_INT_CONVERSION = YES;
				CLANG_WARN_NON_LITERAL_NULL_CONVERSION = YES;
				CLANG_WARN_OBJC_IMPLICIT_RETAIN_SELF = YES;
				CLANG_WARN_OBJC_LITERAL_CONVERSION = YES;
				CLANG_WARN_OBJC_ROOT_CLASS = YES_ERROR;
				CLANG_WARN_QUOTED_INCLUDE_IN_FRAMEWORK_HEADER = YES;
				CLANG_WARN_RANGE_LOOP_ANALYSIS = YES;
				CLANG_WARN_STRICT_PROTOTYPES = YES;
				CLANG_WARN_SUSPICIOUS_MOVE = YES;
				CLANG_WARN_UNGUARDED_AVAILABILITY = YES_AGGRESSIVE;
				CLANG_WARN_UNREACHABLE_CODE = YES;
				CLANG_WARN__DUPLICATE_METHOD_MATCH = YES;
				COPY_PHASE_STRIP = NO;
				DEBUG_INFORMATION_FORMAT = dwarf;
				ENABLE_STRICT_OBJC_MSGSEND = YES;
				ENABLE_TESTABILITY = YES;
				GCC_C_LANGUAGE_STANDARD = gnu11;
				GCC_DYNAMIC_NO_PIC = NO;
				GCC_NO_COMMON_BLOCKS = YES;
				GCC_OPTIMIZATION_LEVEL = 0;
				GCC_PREPROCESSOR_DEFINITIONS = (
					"DEBUG=1",
					"$(inherited)",
				);
				GCC_WARN_64_TO_32_BIT_CONVERSION = YES;
				GCC_WARN_ABOUT_RETURN_TYPE = YES_ERROR;
				GCC_WARN_UNDECLARED_SELECTOR = YES;
				GCC_WARN_UNINITIALIZED_AUTOS = YES_AGGRESSIVE;
				GCC_WARN_UNUSED_FUNCTION = YES;
				GCC_WARN_UNUSED_VARIABLE = YES;
				IPHONEOS_DEPLOYMENT_TARGET = 16.2;
				MTL_ENABLE_DEBUG_INFO = INCLUDE_SOURCE;
				MTL_FAST_MATH = YES;
				ONLY_ACTIVE_ARCH = YES;
				SDKROOT = iphoneos;
				SWIFT_ACTIVE_COMPILATION_CONDITIONS = DEBUG;
				SWIFT_OPTIMIZATION_LEVEL = "-Onone";
			};
			name = Debug;
		};
		FC584607296676850032B543 /* Release */ = {
			isa = XCBuildConfiguration;
			buildSettings = {
				ALWAYS_SEARCH_USER_PATHS = NO;
				CLANG_ANALYZER_NONNULL = YES;
				CLANG_ANALYZER_NUMBER_OBJECT_CONVERSION = YES_AGGRESSIVE;
				CLANG_CXX_LANGUAGE_STANDARD = "gnu++20";
				CLANG_ENABLE_MODULES = YES;
				CLANG_ENABLE_OBJC_ARC = YES;
				CLANG_ENABLE_OBJC_WEAK = YES;
				CLANG_WARN_BLOCK_CAPTURE_AUTORELEASING = YES;
				CLANG_WARN_BOOL_CONVERSION = YES;
				CLANG_WARN_COMMA = YES;
				CLANG_WARN_CONSTANT_CONVERSION = YES;
				CLANG_WARN_DEPRECATED_OBJC_IMPLEMENTATIONS = YES;
				CLANG_WARN_DIRECT_OBJC_ISA_USAGE = YES_ERROR;
				CLANG_WARN_DOCUMENTATION_COMMENTS = YES;
				CLANG_WARN_EMPTY_BODY = YES;
				CLANG_WARN_ENUM_CONVERSION = YES;
				CLANG_WARN_INFINITE_RECURSION = YES;
				CLANG_WARN_INT_CONVERSION = YES;
				CLANG_WARN_NON_LITERAL_NULL_CONVERSION = YES;
				CLANG_WARN_OBJC_IMPLICIT_RETAIN_SELF = YES;
				CLANG_WARN_OBJC_LITERAL_CONVERSION = YES;
				CLANG_WARN_OBJC_ROOT_CLASS = YES_ERROR;
				CLANG_WARN_QUOTED_INCLUDE_IN_FRAMEWORK_HEADER = YES;
				CLANG_WARN_RANGE_LOOP_ANALYSIS = YES;
				CLANG_WARN_STRICT_PROTOTYPES = YES;
				CLANG_WARN_SUSPICIOUS_MOVE = YES;
				CLANG_WARN_UNGUARDED_AVAILABILITY = YES_AGGRESSIVE;
				CLANG_WARN_UNREACHABLE_CODE = YES;
				CLANG_WARN__DUPLICATE_METHOD_MATCH = YES;
				COPY_PHASE_STRIP = NO;
				DEBUG_INFORMATION_FORMAT = "dwarf-with-dsym";
				ENABLE_NS_ASSERTIONS = NO;
				ENABLE_STRICT_OBJC_MSGSEND = YES;
				GCC_C_LANGUAGE_STANDARD = gnu11;
				GCC_NO_COMMON_BLOCKS = YES;
				GCC_WARN_64_TO_32_BIT_CONVERSION = YES;
				GCC_WARN_ABOUT_RETURN_TYPE = YES_ERROR;
				GCC_WARN_UNDECLARED_SELECTOR = YES;
				GCC_WARN_UNINITIALIZED_AUTOS = YES_AGGRESSIVE;
				GCC_WARN_UNUSED_FUNCTION = YES;
				GCC_WARN_UNUSED_VARIABLE = YES;
				IPHONEOS_DEPLOYMENT_TARGET = 16.2;
				MTL_ENABLE_DEBUG_INFO = NO;
				MTL_FAST_MATH = YES;
				SDKROOT = iphoneos;
				SWIFT_COMPILATION_MODE = wholemodule;
				SWIFT_OPTIMIZATION_LEVEL = "-O";
				VALIDATE_PRODUCT = YES;
			};
			name = Release;
		};
		FC584609296676850032B543 /* Debug */ = {
			isa = XCBuildConfiguration;
			buildSettings = {
				ASSETCATALOG_COMPILER_APPICON_NAME = AppIcon;
				ASSETCATALOG_COMPILER_GLOBAL_ACCENT_COLOR_NAME = AccentColor;
				CODE_SIGN_STYLE = Automatic;
				CURRENT_PROJECT_VERSION = 1;
				DEVELOPMENT_TEAM = 72A3WLN662;
				GENERATE_INFOPLIST_FILE = YES;
				INFOPLIST_FILE = Footi/Info.plist;
				INFOPLIST_KEY_UIApplicationSupportsIndirectInputEvents = YES;
				INFOPLIST_KEY_UILaunchStoryboardName = LaunchScreen;
				INFOPLIST_KEY_UISupportedInterfaceOrientations_iPad = "UIInterfaceOrientationPortrait UIInterfaceOrientationPortraitUpsideDown UIInterfaceOrientationLandscapeLeft UIInterfaceOrientationLandscapeRight";
				INFOPLIST_KEY_UISupportedInterfaceOrientations_iPhone = "UIInterfaceOrientationPortrait UIInterfaceOrientationLandscapeLeft UIInterfaceOrientationLandscapeRight";
				LD_RUNPATH_SEARCH_PATHS = (
					"$(inherited)",
					"@executable_path/Frameworks",
				);
				MARKETING_VERSION = 1.0;
				PRODUCT_BUNDLE_IDENTIFIER = com.pastelsior.Footi;
				PRODUCT_NAME = "$(TARGET_NAME)";
				SWIFT_EMIT_LOC_STRINGS = YES;
				SWIFT_VERSION = 5.0;
				TARGETED_DEVICE_FAMILY = "1,2";
			};
			name = Debug;
		};
		FC58460A296676850032B543 /* Release */ = {
			isa = XCBuildConfiguration;
			buildSettings = {
				ASSETCATALOG_COMPILER_APPICON_NAME = AppIcon;
				ASSETCATALOG_COMPILER_GLOBAL_ACCENT_COLOR_NAME = AccentColor;
				CODE_SIGN_STYLE = Automatic;
				CURRENT_PROJECT_VERSION = 1;
				DEVELOPMENT_TEAM = 72A3WLN662;
				GENERATE_INFOPLIST_FILE = YES;
				INFOPLIST_FILE = Footi/Info.plist;
				INFOPLIST_KEY_UIApplicationSupportsIndirectInputEvents = YES;
				INFOPLIST_KEY_UILaunchStoryboardName = LaunchScreen;
				INFOPLIST_KEY_UISupportedInterfaceOrientations_iPad = "UIInterfaceOrientationPortrait UIInterfaceOrientationPortraitUpsideDown UIInterfaceOrientationLandscapeLeft UIInterfaceOrientationLandscapeRight";
				INFOPLIST_KEY_UISupportedInterfaceOrientations_iPhone = "UIInterfaceOrientationPortrait UIInterfaceOrientationLandscapeLeft UIInterfaceOrientationLandscapeRight";
				LD_RUNPATH_SEARCH_PATHS = (
					"$(inherited)",
					"@executable_path/Frameworks",
				);
				MARKETING_VERSION = 1.0;
				PRODUCT_BUNDLE_IDENTIFIER = com.pastelsior.Footi;
				PRODUCT_NAME = "$(TARGET_NAME)";
				SWIFT_EMIT_LOC_STRINGS = YES;
				SWIFT_VERSION = 5.0;
				TARGETED_DEVICE_FAMILY = "1,2";
			};
			name = Release;
		};
/* End XCBuildConfiguration section */

/* Begin XCConfigurationList section */
		FC5845EC296676840032B543 /* Build configuration list for PBXProject "Footi" */ = {
			isa = XCConfigurationList;
			buildConfigurations = (
				FC584606296676850032B543 /* Debug */,
				FC584607296676850032B543 /* Release */,
			);
			defaultConfigurationIsVisible = 0;
			defaultConfigurationName = Release;
		};
		FC584608296676850032B543 /* Build configuration list for PBXNativeTarget "Footi" */ = {
			isa = XCConfigurationList;
			buildConfigurations = (
				FC584609296676850032B543 /* Debug */,
				FC58460A296676850032B543 /* Release */,
			);
			defaultConfigurationIsVisible = 0;
			defaultConfigurationName = Release;
		};
/* End XCConfigurationList section */

/* Begin XCVersionGroup section */
		FCDF1F6E29B3F80F00A6522F /* Footi.xcdatamodeld */ = {
			isa = XCVersionGroup;
			children = (
				FCDF1F6F29B3F80F00A6522F /* Footi.xcdatamodel */,
			);
			currentVersion = FCDF1F6F29B3F80F00A6522F /* Footi.xcdatamodel */;
			path = Footi.xcdatamodeld;
			sourceTree = "<group>";
			versionGroupType = wrapper.xcdatamodel;
		};
/* End XCVersionGroup section */
	};
	rootObject = FC5845E9296676840032B543 /* Project object */;
}
